
Microsoft Visual Studio Solution File, Format Version 12.00
# Visual Studio Version 16
VisualStudioVersion = 16.0.30014.187
MinimumVisualStudioVersion = 10.0.40219.1
Project("{2150E333-8FDC-42A3-9474-1A3956D46DE8}") = "Test", "Test", "{17C5E321-22C5-42AB-BD68-43EAC2011DB8}"
EndProject
Project("{9A19103F-16F7-4668-BE54-9A1E7A4F7556}") = "AkkaTest", "AkkaTest\AkkaTest.csproj", "{62AA5AAF-9FF7-4E1F-B4F3-61688CFB9B04}"
EndProject
Project("{9A19103F-16F7-4668-BE54-9A1E7A4F7556}") = "Akka.Copy", "Akka.Copy\Akka.Copy.csproj", "{436BF2B5-9DB1-4C1A-92D3-052F127B54F4}"
EndProject
Project("{9A19103F-16F7-4668-BE54-9A1E7A4F7556}") = "Akka.Copy.App", "Akka.Copy.App\Akka.Copy.App.csproj", "{6E3C3AF7-4410-4488-AC7F-F344601098DF}"
EndProject
Project("{9A19103F-16F7-4668-BE54-9A1E7A4F7556}") = "Akka.Copy.Server", "Akka.Copy.Server\Akka.Copy.Server.csproj", "{0C105717-5AE8-4D7F-9738-706DA0576C28}"
EndProject
Project("{9A19103F-16F7-4668-BE54-9A1E7A4F7556}") = "Akka.Code.Configuration", "Akka.Code.Configuration\Akka.Code.Configuration.csproj", "{09A8E7C6-972C-4DF9-BE21-8EBB61C3E271}"
EndProject
Global
	GlobalSection(SolutionConfigurationPlatforms) = preSolution
		Debug|Any CPU = Debug|Any CPU
		Release|Any CPU = Release|Any CPU
	EndGlobalSection
	GlobalSection(ProjectConfigurationPlatforms) = postSolution
		{62AA5AAF-9FF7-4E1F-B4F3-61688CFB9B04}.Debug|Any CPU.ActiveCfg = Debug|Any CPU
		{62AA5AAF-9FF7-4E1F-B4F3-61688CFB9B04}.Debug|Any CPU.Build.0 = Debug|Any CPU
		{62AA5AAF-9FF7-4E1F-B4F3-61688CFB9B04}.Release|Any CPU.ActiveCfg = Release|Any CPU
		{62AA5AAF-9FF7-4E1F-B4F3-61688CFB9B04}.Release|Any CPU.Build.0 = Release|Any CPU
		{436BF2B5-9DB1-4C1A-92D3-052F127B54F4}.Debug|Any CPU.ActiveCfg = Debug|Any CPU
		{436BF2B5-9DB1-4C1A-92D3-052F127B54F4}.Debug|Any CPU.Build.0 = Debug|Any CPU
		{436BF2B5-9DB1-4C1A-92D3-052F127B54F4}.Release|Any CPU.ActiveCfg = Release|Any CPU
		{436BF2B5-9DB1-4C1A-92D3-052F127B54F4}.Release|Any CPU.Build.0 = Release|Any CPU
		{6E3C3AF7-4410-4488-AC7F-F344601098DF}.Debug|Any CPU.ActiveCfg = Debug|Any CPU
		{6E3C3AF7-4410-4488-AC7F-F344601098DF}.Debug|Any CPU.Build.0 = Debug|Any CPU
		{6E3C3AF7-4410-4488-AC7F-F344601098DF}.Release|Any CPU.ActiveCfg = Release|Any CPU
		{6E3C3AF7-4410-4488-AC7F-F344601098DF}.Release|Any CPU.Build.0 = Release|Any CPU
		{0C105717-5AE8-4D7F-9738-706DA0576C28}.Debug|Any CPU.ActiveCfg = Debug|Any CPU
		{0C105717-5AE8-4D7F-9738-706DA0576C28}.Debug|Any CPU.Build.0 = Debug|Any CPU
		{0C105717-5AE8-4D7F-9738-706DA0576C28}.Release|Any CPU.ActiveCfg = Release|Any CPU
		{0C105717-5AE8-4D7F-9738-706DA0576C28}.Release|Any CPU.Build.0 = Release|Any CPU
		{09A8E7C6-972C-4DF9-BE21-8EBB61C3E271}.Debug|Any CPU.ActiveCfg = Debug|Any CPU
		{09A8E7C6-972C-4DF9-BE21-8EBB61C3E271}.Debug|Any CPU.Build.0 = Debug|Any CPU
		{09A8E7C6-972C-4DF9-BE21-8EBB61C3E271}.Release|Any CPU.ActiveCfg = Release|Any CPU
		{09A8E7C6-972C-4DF9-BE21-8EBB61C3E271}.Release|Any CPU.Build.0 = Release|Any CPU
	EndGlobalSection
	GlobalSection(SolutionProperties) = preSolution
		HideSolutionNode = FALSE
	EndGlobalSection
	GlobalSection(NestedProjects) = preSolution
		{62AA5AAF-9FF7-4E1F-B4F3-61688CFB9B04} = {17C5E321-22C5-42AB-BD68-43EAC2011DB8}
		{436BF2B5-9DB1-4C1A-92D3-052F127B54F4} = {17C5E321-22C5-42AB-BD68-43EAC2011DB8}
		{6E3C3AF7-4410-4488-AC7F-F344601098DF} = {17C5E321-22C5-42AB-BD68-43EAC2011DB8}
		{0C105717-5AE8-4D7F-9738-706DA0576C28} = {17C5E321-22C5-42AB-BD68-43EAC2011DB8}
		{09A8E7C6-972C-4DF9-BE21-8EBB61C3E271} = {17C5E321-22C5-42AB-BD68-43EAC2011DB8}
	EndGlobalSection
	GlobalSection(ExtensibilityGlobals) = postSolution
		SolutionGuid = {F63AD2ED-4320-43AB-8761-A3FEBC507539}
	EndGlobalSection
EndGlobal
