
Microsoft Visual Studio Solution File, Format Version 12.00
# Visual Studio Version 16
VisualStudioVersion = 16.0.28721.148
MinimumVisualStudioVersion = 10.0.40219.1
Project("{2150E333-8FDC-42A3-9474-1A3956D46DE8}") = "Diagramme", "Diagramme", "{8DD354E5-BBDB-4C25-AC42-885205CAE39B}"
	ProjectSection(SolutionItems) = preProject
		Diagramme\Bogen Eingang.png = Diagramme\Bogen Eingang.png
		Diagramme\Daten Beabeiten.png = Diagramme\Daten Beabeiten.png
		Diagramme\Daten Eingang.png = Diagramme\Daten Eingang.png
		Diagramme\Einplanen und Eintragen.png = Diagramme\Einplanen und Eintragen.png
		Diagramme\Fertig Stellen.png = Diagramme\Fertig Stellen.png
		Diagramme\Gund Ablauf.png = Diagramme\Gund Ablauf.png
		Help.txt = Help.txt
		Ideen.txt = Ideen.txt
		Diagramme\Produzieren.png = Diagramme\Produzieren.png
	EndProjectSection
EndProject
Project("{2150E333-8FDC-42A3-9474-1A3956D46DE8}") = "Server", "Server", "{8C5D9947-4E24-43D9-BF3F-0EC822048BEF}"
EndProject
Project("{2150E333-8FDC-42A3-9474-1A3956D46DE8}") = "Shared", "Shared", "{A6558C51-188E-49DD-876F-E7C7BF8ED6C5}"
EndProject
Project("{9A19103F-16F7-4668-BE54-9A1E7A4F7556}") = "Tauron.Application.MgiProjectManager.Resources", "Tauron.Application.MgiProjectManager.Resources\Tauron.Application.MgiProjectManager.Resources.csproj", "{8E32D428-20CF-474E-B3EA-11B58EB2A20C}"
EndProject
Project("{2150E333-8FDC-42A3-9474-1A3956D46DE8}") = "Test", "Test", "{574D22A4-A56A-4496-BC14-C32212C058E4}"
EndProject
Project("{9A19103F-16F7-4668-BE54-9A1E7A4F7556}") = "Tauron.Application.MgiProjectManager.Client", "Tauron.Application.MgiProjectManager.Client\Tauron.Application.MgiProjectManager.Client.csproj", "{A84080AF-A341-452B-A936-997193FBA1FA}"
EndProject
Project("{2150E333-8FDC-42A3-9474-1A3956D46DE8}") = "Angular", "Angular", "{EF367C46-2ED7-429B-8B16-125771E85A07}"
EndProject
Project("{2150E333-8FDC-42A3-9474-1A3956D46DE8}") = "NewTest", "NewTest", "{F12CB168-0F85-47C7-A84C-5EE83D468E54}"
	ProjectSection(SolutionItems) = preProject
		DatabseConfig.txt = DatabseConfig.txt
	EndProjectSection
EndProject
Project("{9A19103F-16F7-4668-BE54-9A1E7A4F7556}") = "Tauron.MgiProjectManager.Contracts", "Tauron.MgiProjectManager.Contracts\Tauron.MgiProjectManager.Contracts.csproj", "{7BBC5002-C0AE-4515-8719-BC3E5E385118}"
EndProject
Project("{9A19103F-16F7-4668-BE54-9A1E7A4F7556}") = "Tauron.MgiManager.Contracts", "Alt\Tauron.MgiManager.Contracts\Tauron.MgiManager.Contracts.csproj", "{5FFD83B6-599E-4076-AAF7-9AC54AE7B03D}"
EndProject
Project("{9A19103F-16F7-4668-BE54-9A1E7A4F7556}") = "Tauron.MgiProjectManager.Data", "Alt\Tauron.MgiProjectManager.Data\Tauron.MgiProjectManager.Data.csproj", "{E0878DF1-FFA4-440D-8127-C2417DE2D879}"
EndProject
Project("{9A19103F-16F7-4668-BE54-9A1E7A4F7556}") = "Tauron.MgiProjectManager.Dispatcher", "Alt\Tauron.MgiProjectManager.Dispatcher\Tauron.MgiProjectManager.Dispatcher.csproj", "{EA8EF6E6-74E8-4D47-A659-F39725E6E856}"
EndProject
Project("{9A19103F-16F7-4668-BE54-9A1E7A4F7556}") = "Tauron.MgiProjectManager.Helper", "Alt\Tauron.MgiProjectManager.Helper\Tauron.MgiProjectManager.Helper.csproj", "{FB0027CD-3BC6-46FC-BB6F-57BD6B298DED}"
EndProject
Project("{9A19103F-16F7-4668-BE54-9A1E7A4F7556}") = "Tauron.MgiProjectManager.BL", "Alt\Tauron.MgiProjectManager.BL\Tauron.MgiProjectManager.BL.csproj", "{3A8BE571-1229-4BB9-A360-855F39760300}"
EndProject
Project("{9A19103F-16F7-4668-BE54-9A1E7A4F7556}") = "Tauron.MgiProjectManager.Server", "Alt\Tauron.MgiProjectManager.Server\Tauron.MgiProjectManager.Server.csproj", "{041D315D-570E-44DB-94CC-77AD3F6B7C00}"
EndProject
Project("{2150E333-8FDC-42A3-9474-1A3956D46DE8}") = "Architektur", "Architektur", "{188A087C-E11E-4F18-ABFE-871413FFBE26}"
	ProjectSection(SolutionItems) = preProject
		Aufbau Kern.txt = Aufbau Kern.txt
		Dispatcher.txt = Dispatcher.txt
		Webservice.txt = Webservice.txt
	EndProjectSection
EndProject
Project("{9A19103F-16F7-4668-BE54-9A1E7A4F7556}") = "Tauron.CQRS.Common", "Tauron.CQRS.Common\Tauron.CQRS.Common.csproj", "{8040CED2-6DB9-47FB-BDE5-77C165FB0618}"
EndProject
Project("{9A19103F-16F7-4668-BE54-9A1E7A4F7556}") = "Tauron.CQRS.Server", "Tauron.CQRS.Server\Tauron.CQRS.Server.csproj", "{206487FD-EF70-4031-A79D-E606EC32538B}"
EndProject
Project("{9A19103F-16F7-4668-BE54-9A1E7A4F7556}") = "Tauron.CQRS.Services", "Tauron.CQRS.Services\Tauron.CQRS.Services.csproj", "{148C41AB-FC95-433F-931F-0354DCC7CDDD}"
EndProject
Project("{2150E333-8FDC-42A3-9474-1A3956D46DE8}") = "CQRS", "CQRS", "{21F42ED1-025F-4185-AC8C-E9AC9318A968}"
EndProject
Project("{2150E333-8FDC-42A3-9474-1A3956D46DE8}") = "Dispatcher", "Dispatcher", "{BC132441-E8FA-4E0C-AF42-096630DC94EE}"
EndProject
Project("{9A19103F-16F7-4668-BE54-9A1E7A4F7556}") = "Tauron.MgiProjectManager.Dispatcher", "Tauron.MgiProjectManager.Dispatcher\Tauron.MgiProjectManager.Dispatcher.csproj", "{10203B26-DD24-4A87-BE4F-79C4212D313D}"
EndProject
Project("{9A19103F-16F7-4668-BE54-9A1E7A4F7556}") = "Tauron.CQRS.Health", "Tauron.CQRS.Health\Tauron.CQRS.Health.csproj", "{B2A28C29-3AA3-4AB3-9CA7-150290B8FDC7}"
EndProject
Project("{2150E333-8FDC-42A3-9474-1A3956D46DE8}") = "Alt", "Alt", "{04425821-3227-437B-AB9B-5F20B9A5510E}"
EndProject
Project("{9A19103F-16F7-4668-BE54-9A1E7A4F7556}") = "EventDeliveryTest", "EventDeliveryTest\EventDeliveryTest.csproj", "{2B5E2E7F-971E-429E-8052-AE6B09584719}"
EndProject
Project("{9A19103F-16F7-4668-BE54-9A1E7A4F7556}") = "TestApp", "TestApp\TestApp.csproj", "{7CBEE00B-12E7-4B1C-B261-EAD080C01AFE}"
EndProject
Project("{2150E333-8FDC-42A3-9474-1A3956D46DE8}") = "Apps", "Apps", "{FF6C98F0-BFF2-46A8-8239-D53CE53B78FE}"
EndProject
Project("{9A19103F-16F7-4668-BE54-9A1E7A4F7556}") = "ServiceManager", "ServiceManager\ServiceManager.csproj", "{2B86F53A-39B3-4317-910B-289DE08C0A86}"
EndProject
Project("{9A19103F-16F7-4668-BE54-9A1E7A4F7556}") = "ServiceManager.CQRS", "ServiceManager.CQRS\ServiceManager.CQRS.csproj", "{5762E79A-0D8D-476E-84A6-1896BD3EE759}"
EndProject
Project("{9A19103F-16F7-4668-BE54-9A1E7A4F7556}") = "Tauron.ServiceBootstrapper", "Tauron.ServiceBootstrapper\Tauron.ServiceBootstrapper.csproj", "{24D25C65-3D7F-4E72-A177-5A494834357C}"
EndProject
Project("{2150E333-8FDC-42A3-9474-1A3956D46DE8}") = "Websites", "Websites", "{B0A7CB62-38CE-429C-BE7E-4BEF9CEB4C7A}"
EndProject
Project("{2150E333-8FDC-42A3-9474-1A3956D46DE8}") = "Calculator_Test", "Calculator_Test", "{AD530279-AF8A-4663-B44A-BDD44BEC91BD}"
EndProject
Project("{9A19103F-16F7-4668-BE54-9A1E7A4F7556}") = "CalculatorService", "CalculatorService\CalculatorService.csproj", "{3525EAF6-81A6-41B0-A76A-5E6894A4B5EA}"
EndProject
Project("{9A19103F-16F7-4668-BE54-9A1E7A4F7556}") = "Calculator.Shared", "Calculator.Shared\Calculator.Shared.csproj", "{10B410A4-EFA1-4C5C-BBFB-86924BABC146}"
EndProject
Project("{9A19103F-16F7-4668-BE54-9A1E7A4F7556}") = "CalculatorUI", "CalculatorUI\CalculatorUI.csproj", "{7940A366-3FC4-4C05-8155-5FF3C2909558}"
EndProject
Project("{2150E333-8FDC-42A3-9474-1A3956D46DE8}") = "Services", "Services", "{CF56DDFF-248F-48CA-82AB-0FBD1C79D7BE}"
EndProject
Project("{2150E333-8FDC-42A3-9474-1A3956D46DE8}") = "User", "User", "{9D938697-77BF-421C-B2F9-D0E19A2D4E35}"
EndProject
Project("{9A19103F-16F7-4668-BE54-9A1E7A4F7556}") = "Tauron.MgiManager.User.Shared", "Tauron.MgiManager.User.Shared\Tauron.MgiManager.User.Shared.csproj", "{42E07FE6-069A-4C02-AFD5-F5A5591C35A6}"
EndProject
Project("{9A19103F-16F7-4668-BE54-9A1E7A4F7556}") = "Tauron.MgiManager.User.Service", "Tauron.MgiManager.User.Service\Tauron.MgiManager.User.Service.csproj", "{967BD60B-9477-4E64-AD87-AB8F7C899C11}"
EndProject
Project("{9A19103F-16F7-4668-BE54-9A1E7A4F7556}") = "DatabaseMigrator", "DatabaseMigrator\DatabaseMigrator.csproj", "{BD4D19CB-C072-48BF-B5D1-7B3E83A906C9}"
EndProject
Project("{9A19103F-16F7-4668-BE54-9A1E7A4F7556}") = "Tauron.SqliteDataBaseHelper", "Tauron.SqliteDataBaseHelper\Tauron.SqliteDataBaseHelper.csproj", "{DA8608B0-3BD7-4A1F-861D-C61E7080DF83}"
EndProject
Project("{9A19103F-16F7-4668-BE54-9A1E7A4F7556}") = "Tauron.MgiManager.Resources", "Tauron.MgiManager.Resources\Tauron.MgiManager.Resources.csproj", "{5AC1FFAC-DD77-424D-B181-9C964B471F5B}"
EndProject
Project("{2150E333-8FDC-42A3-9474-1A3956D46DE8}") = "Tests", "Tests", "{1FC4C045-2656-4D54-A09D-5D5B613925A7}"
EndProject
Project("{9A19103F-16F7-4668-BE54-9A1E7A4F7556}") = "Tauron.MgiManager.User.Service.Tests", "Tauron.MgiManager.User.Service.Tests\Tauron.MgiManager.User.Service.Tests.csproj", "{05EE04CF-3B9F-4E38-BBCC-E6A396CE4676}"
EndProject
Project("{2150E333-8FDC-42A3-9474-1A3956D46DE8}") = "Testing", "Testing", "{4D3BD557-2EF8-47D5-8FD1-5BACCD9FBEA8}"
EndProject
Project("{9A19103F-16F7-4668-BE54-9A1E7A4F7556}") = "Tauron.TestHelper", "Tauron.TestHelper\Tauron.TestHelper.csproj", "{CBF13A17-D754-44B3-A79A-2FF14C5C5CF4}"
EndProject
Project("{FAE04EC0-301F-11D3-BF4B-00C04F79EFBC}") = "MgiManager", "MgiManager\MgiManager.csproj", "{70646911-65D6-4A40-BCEC-7B6739ED91E6}"
EndProject
Global
	GlobalSection(SolutionConfigurationPlatforms) = preSolution
		Debug Event Delivery|Any CPU = Debug Event Delivery|Any CPU
		Debug|Any CPU = Debug|Any CPU
		Release|Any CPU = Release|Any CPU
	EndGlobalSection
	GlobalSection(ProjectConfigurationPlatforms) = postSolution
		{8E32D428-20CF-474E-B3EA-11B58EB2A20C}.Debug Event Delivery|Any CPU.ActiveCfg = Debug|Any CPU
		{8E32D428-20CF-474E-B3EA-11B58EB2A20C}.Debug|Any CPU.ActiveCfg = Debug|Any CPU
		{8E32D428-20CF-474E-B3EA-11B58EB2A20C}.Debug|Any CPU.Build.0 = Debug|Any CPU
		{8E32D428-20CF-474E-B3EA-11B58EB2A20C}.Release|Any CPU.ActiveCfg = Release|Any CPU
		{8E32D428-20CF-474E-B3EA-11B58EB2A20C}.Release|Any CPU.Build.0 = Release|Any CPU
		{A84080AF-A341-452B-A936-997193FBA1FA}.Debug Event Delivery|Any CPU.ActiveCfg = Debug|Any CPU
		{A84080AF-A341-452B-A936-997193FBA1FA}.Debug|Any CPU.ActiveCfg = Debug|Any CPU
		{A84080AF-A341-452B-A936-997193FBA1FA}.Debug|Any CPU.Build.0 = Debug|Any CPU
		{A84080AF-A341-452B-A936-997193FBA1FA}.Release|Any CPU.ActiveCfg = Release|Any CPU
		{A84080AF-A341-452B-A936-997193FBA1FA}.Release|Any CPU.Build.0 = Release|Any CPU
		{7BBC5002-C0AE-4515-8719-BC3E5E385118}.Debug Event Delivery|Any CPU.ActiveCfg = Debug Event Delivery|Any CPU
		{7BBC5002-C0AE-4515-8719-BC3E5E385118}.Debug Event Delivery|Any CPU.Build.0 = Debug Event Delivery|Any CPU
		{7BBC5002-C0AE-4515-8719-BC3E5E385118}.Debug|Any CPU.ActiveCfg = Debug|Any CPU
		{7BBC5002-C0AE-4515-8719-BC3E5E385118}.Debug|Any CPU.Build.0 = Debug|Any CPU
		{7BBC5002-C0AE-4515-8719-BC3E5E385118}.Release|Any CPU.ActiveCfg = Release|Any CPU
		{7BBC5002-C0AE-4515-8719-BC3E5E385118}.Release|Any CPU.Build.0 = Release|Any CPU
		{5FFD83B6-599E-4076-AAF7-9AC54AE7B03D}.Debug Event Delivery|Any CPU.ActiveCfg = Debug|Any CPU
		{5FFD83B6-599E-4076-AAF7-9AC54AE7B03D}.Debug|Any CPU.ActiveCfg = Debug|Any CPU
		{5FFD83B6-599E-4076-AAF7-9AC54AE7B03D}.Debug|Any CPU.Build.0 = Debug|Any CPU
		{5FFD83B6-599E-4076-AAF7-9AC54AE7B03D}.Release|Any CPU.ActiveCfg = Release|Any CPU
		{5FFD83B6-599E-4076-AAF7-9AC54AE7B03D}.Release|Any CPU.Build.0 = Release|Any CPU
		{E0878DF1-FFA4-440D-8127-C2417DE2D879}.Debug Event Delivery|Any CPU.ActiveCfg = Debug|Any CPU
		{E0878DF1-FFA4-440D-8127-C2417DE2D879}.Debug|Any CPU.ActiveCfg = Debug|Any CPU
		{E0878DF1-FFA4-440D-8127-C2417DE2D879}.Debug|Any CPU.Build.0 = Debug|Any CPU
		{E0878DF1-FFA4-440D-8127-C2417DE2D879}.Release|Any CPU.ActiveCfg = Release|Any CPU
		{E0878DF1-FFA4-440D-8127-C2417DE2D879}.Release|Any CPU.Build.0 = Release|Any CPU
		{EA8EF6E6-74E8-4D47-A659-F39725E6E856}.Debug Event Delivery|Any CPU.ActiveCfg = Debug|Any CPU
		{EA8EF6E6-74E8-4D47-A659-F39725E6E856}.Debug|Any CPU.ActiveCfg = Debug|Any CPU
		{EA8EF6E6-74E8-4D47-A659-F39725E6E856}.Debug|Any CPU.Build.0 = Debug|Any CPU
		{EA8EF6E6-74E8-4D47-A659-F39725E6E856}.Release|Any CPU.ActiveCfg = Release|Any CPU
		{EA8EF6E6-74E8-4D47-A659-F39725E6E856}.Release|Any CPU.Build.0 = Release|Any CPU
		{FB0027CD-3BC6-46FC-BB6F-57BD6B298DED}.Debug Event Delivery|Any CPU.ActiveCfg = Debug|Any CPU
		{FB0027CD-3BC6-46FC-BB6F-57BD6B298DED}.Debug|Any CPU.ActiveCfg = Debug|Any CPU
		{FB0027CD-3BC6-46FC-BB6F-57BD6B298DED}.Debug|Any CPU.Build.0 = Debug|Any CPU
		{FB0027CD-3BC6-46FC-BB6F-57BD6B298DED}.Release|Any CPU.ActiveCfg = Release|Any CPU
		{FB0027CD-3BC6-46FC-BB6F-57BD6B298DED}.Release|Any CPU.Build.0 = Release|Any CPU
		{3A8BE571-1229-4BB9-A360-855F39760300}.Debug Event Delivery|Any CPU.ActiveCfg = Debug|Any CPU
		{3A8BE571-1229-4BB9-A360-855F39760300}.Debug|Any CPU.ActiveCfg = Debug|Any CPU
		{3A8BE571-1229-4BB9-A360-855F39760300}.Debug|Any CPU.Build.0 = Debug|Any CPU
		{3A8BE571-1229-4BB9-A360-855F39760300}.Release|Any CPU.ActiveCfg = Release|Any CPU
		{3A8BE571-1229-4BB9-A360-855F39760300}.Release|Any CPU.Build.0 = Release|Any CPU
		{041D315D-570E-44DB-94CC-77AD3F6B7C00}.Debug Event Delivery|Any CPU.ActiveCfg = Debug|Any CPU
		{041D315D-570E-44DB-94CC-77AD3F6B7C00}.Debug|Any CPU.ActiveCfg = Debug|Any CPU
		{041D315D-570E-44DB-94CC-77AD3F6B7C00}.Debug|Any CPU.Build.0 = Debug|Any CPU
		{041D315D-570E-44DB-94CC-77AD3F6B7C00}.Release|Any CPU.ActiveCfg = Release|Any CPU
		{041D315D-570E-44DB-94CC-77AD3F6B7C00}.Release|Any CPU.Build.0 = Release|Any CPU
		{8040CED2-6DB9-47FB-BDE5-77C165FB0618}.Debug Event Delivery|Any CPU.ActiveCfg = Debug Event Delivery|Any CPU
		{8040CED2-6DB9-47FB-BDE5-77C165FB0618}.Debug Event Delivery|Any CPU.Build.0 = Debug Event Delivery|Any CPU
		{8040CED2-6DB9-47FB-BDE5-77C165FB0618}.Debug|Any CPU.ActiveCfg = Debug|Any CPU
		{8040CED2-6DB9-47FB-BDE5-77C165FB0618}.Debug|Any CPU.Build.0 = Debug|Any CPU
		{8040CED2-6DB9-47FB-BDE5-77C165FB0618}.Release|Any CPU.ActiveCfg = Release|Any CPU
		{8040CED2-6DB9-47FB-BDE5-77C165FB0618}.Release|Any CPU.Build.0 = Release|Any CPU
		{206487FD-EF70-4031-A79D-E606EC32538B}.Debug Event Delivery|Any CPU.ActiveCfg = Debug Event Delivery|Any CPU
		{206487FD-EF70-4031-A79D-E606EC32538B}.Debug Event Delivery|Any CPU.Build.0 = Debug Event Delivery|Any CPU
		{206487FD-EF70-4031-A79D-E606EC32538B}.Debug|Any CPU.ActiveCfg = Debug|Any CPU
		{206487FD-EF70-4031-A79D-E606EC32538B}.Debug|Any CPU.Build.0 = Debug|Any CPU
		{206487FD-EF70-4031-A79D-E606EC32538B}.Release|Any CPU.ActiveCfg = Release|Any CPU
		{206487FD-EF70-4031-A79D-E606EC32538B}.Release|Any CPU.Build.0 = Release|Any CPU
		{148C41AB-FC95-433F-931F-0354DCC7CDDD}.Debug Event Delivery|Any CPU.ActiveCfg = Debug Event Delivery|Any CPU
		{148C41AB-FC95-433F-931F-0354DCC7CDDD}.Debug Event Delivery|Any CPU.Build.0 = Debug Event Delivery|Any CPU
		{148C41AB-FC95-433F-931F-0354DCC7CDDD}.Debug|Any CPU.ActiveCfg = Debug|Any CPU
		{148C41AB-FC95-433F-931F-0354DCC7CDDD}.Debug|Any CPU.Build.0 = Debug|Any CPU
		{148C41AB-FC95-433F-931F-0354DCC7CDDD}.Release|Any CPU.ActiveCfg = Release|Any CPU
		{148C41AB-FC95-433F-931F-0354DCC7CDDD}.Release|Any CPU.Build.0 = Release|Any CPU
		{10203B26-DD24-4A87-BE4F-79C4212D313D}.Debug Event Delivery|Any CPU.ActiveCfg = Debug Event Delivery|Any CPU
		{10203B26-DD24-4A87-BE4F-79C4212D313D}.Debug Event Delivery|Any CPU.Build.0 = Debug Event Delivery|Any CPU
		{10203B26-DD24-4A87-BE4F-79C4212D313D}.Debug|Any CPU.ActiveCfg = Debug|Any CPU
		{10203B26-DD24-4A87-BE4F-79C4212D313D}.Debug|Any CPU.Build.0 = Debug|Any CPU
		{10203B26-DD24-4A87-BE4F-79C4212D313D}.Release|Any CPU.ActiveCfg = Release|Any CPU
		{10203B26-DD24-4A87-BE4F-79C4212D313D}.Release|Any CPU.Build.0 = Release|Any CPU
		{B2A28C29-3AA3-4AB3-9CA7-150290B8FDC7}.Debug Event Delivery|Any CPU.ActiveCfg = Debug Event Delivery|Any CPU
		{B2A28C29-3AA3-4AB3-9CA7-150290B8FDC7}.Debug Event Delivery|Any CPU.Build.0 = Debug Event Delivery|Any CPU
		{B2A28C29-3AA3-4AB3-9CA7-150290B8FDC7}.Debug|Any CPU.ActiveCfg = Debug|Any CPU
		{B2A28C29-3AA3-4AB3-9CA7-150290B8FDC7}.Debug|Any CPU.Build.0 = Debug|Any CPU
		{B2A28C29-3AA3-4AB3-9CA7-150290B8FDC7}.Release|Any CPU.ActiveCfg = Release|Any CPU
		{B2A28C29-3AA3-4AB3-9CA7-150290B8FDC7}.Release|Any CPU.Build.0 = Release|Any CPU
		{2B5E2E7F-971E-429E-8052-AE6B09584719}.Debug Event Delivery|Any CPU.ActiveCfg = Debug Event Delivery|Any CPU
		{2B5E2E7F-971E-429E-8052-AE6B09584719}.Debug Event Delivery|Any CPU.Build.0 = Debug Event Delivery|Any CPU
		{2B5E2E7F-971E-429E-8052-AE6B09584719}.Debug|Any CPU.ActiveCfg = Debug|Any CPU
		{2B5E2E7F-971E-429E-8052-AE6B09584719}.Debug|Any CPU.Build.0 = Debug|Any CPU
		{2B5E2E7F-971E-429E-8052-AE6B09584719}.Release|Any CPU.ActiveCfg = Release|Any CPU
		{2B5E2E7F-971E-429E-8052-AE6B09584719}.Release|Any CPU.Build.0 = Release|Any CPU
		{7CBEE00B-12E7-4B1C-B261-EAD080C01AFE}.Debug Event Delivery|Any CPU.ActiveCfg = Debug|Any CPU
		{7CBEE00B-12E7-4B1C-B261-EAD080C01AFE}.Debug Event Delivery|Any CPU.Build.0 = Debug|Any CPU
		{7CBEE00B-12E7-4B1C-B261-EAD080C01AFE}.Debug|Any CPU.ActiveCfg = Debug|Any CPU
		{7CBEE00B-12E7-4B1C-B261-EAD080C01AFE}.Debug|Any CPU.Build.0 = Debug|Any CPU
		{7CBEE00B-12E7-4B1C-B261-EAD080C01AFE}.Release|Any CPU.ActiveCfg = Release|Any CPU
		{7CBEE00B-12E7-4B1C-B261-EAD080C01AFE}.Release|Any CPU.Build.0 = Release|Any CPU
		{2B86F53A-39B3-4317-910B-289DE08C0A86}.Debug Event Delivery|Any CPU.ActiveCfg = Debug|Any CPU
		{2B86F53A-39B3-4317-910B-289DE08C0A86}.Debug Event Delivery|Any CPU.Build.0 = Debug|Any CPU
		{2B86F53A-39B3-4317-910B-289DE08C0A86}.Debug|Any CPU.ActiveCfg = Debug|Any CPU
		{2B86F53A-39B3-4317-910B-289DE08C0A86}.Debug|Any CPU.Build.0 = Debug|Any CPU
		{2B86F53A-39B3-4317-910B-289DE08C0A86}.Release|Any CPU.ActiveCfg = Release|Any CPU
		{2B86F53A-39B3-4317-910B-289DE08C0A86}.Release|Any CPU.Build.0 = Release|Any CPU
		{5762E79A-0D8D-476E-84A6-1896BD3EE759}.Debug Event Delivery|Any CPU.ActiveCfg = Debug|Any CPU
		{5762E79A-0D8D-476E-84A6-1896BD3EE759}.Debug Event Delivery|Any CPU.Build.0 = Debug|Any CPU
		{5762E79A-0D8D-476E-84A6-1896BD3EE759}.Debug|Any CPU.ActiveCfg = Debug|Any CPU
		{5762E79A-0D8D-476E-84A6-1896BD3EE759}.Debug|Any CPU.Build.0 = Debug|Any CPU
		{5762E79A-0D8D-476E-84A6-1896BD3EE759}.Release|Any CPU.ActiveCfg = Release|Any CPU
		{5762E79A-0D8D-476E-84A6-1896BD3EE759}.Release|Any CPU.Build.0 = Release|Any CPU
		{24D25C65-3D7F-4E72-A177-5A494834357C}.Debug Event Delivery|Any CPU.ActiveCfg = Debug|Any CPU
		{24D25C65-3D7F-4E72-A177-5A494834357C}.Debug Event Delivery|Any CPU.Build.0 = Debug|Any CPU
		{24D25C65-3D7F-4E72-A177-5A494834357C}.Debug|Any CPU.ActiveCfg = Debug|Any CPU
		{24D25C65-3D7F-4E72-A177-5A494834357C}.Debug|Any CPU.Build.0 = Debug|Any CPU
		{24D25C65-3D7F-4E72-A177-5A494834357C}.Release|Any CPU.ActiveCfg = Release|Any CPU
		{24D25C65-3D7F-4E72-A177-5A494834357C}.Release|Any CPU.Build.0 = Release|Any CPU
		{3525EAF6-81A6-41B0-A76A-5E6894A4B5EA}.Debug Event Delivery|Any CPU.ActiveCfg = Debug|Any CPU
		{3525EAF6-81A6-41B0-A76A-5E6894A4B5EA}.Debug Event Delivery|Any CPU.Build.0 = Debug|Any CPU
		{3525EAF6-81A6-41B0-A76A-5E6894A4B5EA}.Debug|Any CPU.ActiveCfg = Debug|Any CPU
		{3525EAF6-81A6-41B0-A76A-5E6894A4B5EA}.Debug|Any CPU.Build.0 = Debug|Any CPU
		{3525EAF6-81A6-41B0-A76A-5E6894A4B5EA}.Release|Any CPU.ActiveCfg = Release|Any CPU
		{3525EAF6-81A6-41B0-A76A-5E6894A4B5EA}.Release|Any CPU.Build.0 = Release|Any CPU
		{10B410A4-EFA1-4C5C-BBFB-86924BABC146}.Debug Event Delivery|Any CPU.ActiveCfg = Debug|Any CPU
		{10B410A4-EFA1-4C5C-BBFB-86924BABC146}.Debug Event Delivery|Any CPU.Build.0 = Debug|Any CPU
		{10B410A4-EFA1-4C5C-BBFB-86924BABC146}.Debug|Any CPU.ActiveCfg = Debug|Any CPU
		{10B410A4-EFA1-4C5C-BBFB-86924BABC146}.Debug|Any CPU.Build.0 = Debug|Any CPU
		{10B410A4-EFA1-4C5C-BBFB-86924BABC146}.Release|Any CPU.ActiveCfg = Release|Any CPU
		{10B410A4-EFA1-4C5C-BBFB-86924BABC146}.Release|Any CPU.Build.0 = Release|Any CPU
		{7940A366-3FC4-4C05-8155-5FF3C2909558}.Debug Event Delivery|Any CPU.ActiveCfg = Debug|Any CPU
		{7940A366-3FC4-4C05-8155-5FF3C2909558}.Debug Event Delivery|Any CPU.Build.0 = Debug|Any CPU
		{7940A366-3FC4-4C05-8155-5FF3C2909558}.Debug|Any CPU.ActiveCfg = Debug|Any CPU
		{7940A366-3FC4-4C05-8155-5FF3C2909558}.Debug|Any CPU.Build.0 = Debug|Any CPU
		{7940A366-3FC4-4C05-8155-5FF3C2909558}.Release|Any CPU.ActiveCfg = Release|Any CPU
		{7940A366-3FC4-4C05-8155-5FF3C2909558}.Release|Any CPU.Build.0 = Release|Any CPU
		{42E07FE6-069A-4C02-AFD5-F5A5591C35A6}.Debug Event Delivery|Any CPU.ActiveCfg = Debug|Any CPU
		{42E07FE6-069A-4C02-AFD5-F5A5591C35A6}.Debug Event Delivery|Any CPU.Build.0 = Debug|Any CPU
		{42E07FE6-069A-4C02-AFD5-F5A5591C35A6}.Debug|Any CPU.ActiveCfg = Debug|Any CPU
		{42E07FE6-069A-4C02-AFD5-F5A5591C35A6}.Debug|Any CPU.Build.0 = Debug|Any CPU
		{42E07FE6-069A-4C02-AFD5-F5A5591C35A6}.Release|Any CPU.ActiveCfg = Release|Any CPU
		{42E07FE6-069A-4C02-AFD5-F5A5591C35A6}.Release|Any CPU.Build.0 = Release|Any CPU
		{967BD60B-9477-4E64-AD87-AB8F7C899C11}.Debug Event Delivery|Any CPU.ActiveCfg = Debug|Any CPU
		{967BD60B-9477-4E64-AD87-AB8F7C899C11}.Debug Event Delivery|Any CPU.Build.0 = Debug|Any CPU
		{967BD60B-9477-4E64-AD87-AB8F7C899C11}.Debug|Any CPU.ActiveCfg = Debug|Any CPU
		{967BD60B-9477-4E64-AD87-AB8F7C899C11}.Debug|Any CPU.Build.0 = Debug|Any CPU
		{967BD60B-9477-4E64-AD87-AB8F7C899C11}.Release|Any CPU.ActiveCfg = Release|Any CPU
		{967BD60B-9477-4E64-AD87-AB8F7C899C11}.Release|Any CPU.Build.0 = Release|Any CPU
		{BD4D19CB-C072-48BF-B5D1-7B3E83A906C9}.Debug Event Delivery|Any CPU.ActiveCfg = Debug|Any CPU
		{BD4D19CB-C072-48BF-B5D1-7B3E83A906C9}.Debug Event Delivery|Any CPU.Build.0 = Debug|Any CPU
		{BD4D19CB-C072-48BF-B5D1-7B3E83A906C9}.Debug|Any CPU.ActiveCfg = Debug|Any CPU
		{BD4D19CB-C072-48BF-B5D1-7B3E83A906C9}.Debug|Any CPU.Build.0 = Debug|Any CPU
		{BD4D19CB-C072-48BF-B5D1-7B3E83A906C9}.Release|Any CPU.ActiveCfg = Release|Any CPU
		{BD4D19CB-C072-48BF-B5D1-7B3E83A906C9}.Release|Any CPU.Build.0 = Release|Any CPU
		{DA8608B0-3BD7-4A1F-861D-C61E7080DF83}.Debug Event Delivery|Any CPU.ActiveCfg = Debug|Any CPU
		{DA8608B0-3BD7-4A1F-861D-C61E7080DF83}.Debug Event Delivery|Any CPU.Build.0 = Debug|Any CPU
		{DA8608B0-3BD7-4A1F-861D-C61E7080DF83}.Debug|Any CPU.ActiveCfg = Debug|Any CPU
		{DA8608B0-3BD7-4A1F-861D-C61E7080DF83}.Debug|Any CPU.Build.0 = Debug|Any CPU
		{DA8608B0-3BD7-4A1F-861D-C61E7080DF83}.Release|Any CPU.ActiveCfg = Release|Any CPU
		{DA8608B0-3BD7-4A1F-861D-C61E7080DF83}.Release|Any CPU.Build.0 = Release|Any CPU
		{5AC1FFAC-DD77-424D-B181-9C964B471F5B}.Debug Event Delivery|Any CPU.ActiveCfg = Debug|Any CPU
		{5AC1FFAC-DD77-424D-B181-9C964B471F5B}.Debug Event Delivery|Any CPU.Build.0 = Debug|Any CPU
		{5AC1FFAC-DD77-424D-B181-9C964B471F5B}.Debug|Any CPU.ActiveCfg = Debug|Any CPU
		{5AC1FFAC-DD77-424D-B181-9C964B471F5B}.Debug|Any CPU.Build.0 = Debug|Any CPU
		{5AC1FFAC-DD77-424D-B181-9C964B471F5B}.Release|Any CPU.ActiveCfg = Release|Any CPU
		{5AC1FFAC-DD77-424D-B181-9C964B471F5B}.Release|Any CPU.Build.0 = Release|Any CPU
		{05EE04CF-3B9F-4E38-BBCC-E6A396CE4676}.Debug Event Delivery|Any CPU.ActiveCfg = Debug|Any CPU
		{05EE04CF-3B9F-4E38-BBCC-E6A396CE4676}.Debug Event Delivery|Any CPU.Build.0 = Debug|Any CPU
		{05EE04CF-3B9F-4E38-BBCC-E6A396CE4676}.Debug|Any CPU.ActiveCfg = Debug|Any CPU
		{05EE04CF-3B9F-4E38-BBCC-E6A396CE4676}.Debug|Any CPU.Build.0 = Debug|Any CPU
		{05EE04CF-3B9F-4E38-BBCC-E6A396CE4676}.Release|Any CPU.ActiveCfg = Release|Any CPU
		{05EE04CF-3B9F-4E38-BBCC-E6A396CE4676}.Release|Any CPU.Build.0 = Release|Any CPU
		{CBF13A17-D754-44B3-A79A-2FF14C5C5CF4}.Debug Event Delivery|Any CPU.ActiveCfg = Debug|Any CPU
		{CBF13A17-D754-44B3-A79A-2FF14C5C5CF4}.Debug Event Delivery|Any CPU.Build.0 = Debug|Any CPU
		{CBF13A17-D754-44B3-A79A-2FF14C5C5CF4}.Debug|Any CPU.ActiveCfg = Debug|Any CPU
		{CBF13A17-D754-44B3-A79A-2FF14C5C5CF4}.Debug|Any CPU.Build.0 = Debug|Any CPU
		{CBF13A17-D754-44B3-A79A-2FF14C5C5CF4}.Release|Any CPU.ActiveCfg = Release|Any CPU
		{CBF13A17-D754-44B3-A79A-2FF14C5C5CF4}.Release|Any CPU.Build.0 = Release|Any CPU
		{70646911-65D6-4A40-BCEC-7B6739ED91E6}.Debug Event Delivery|Any CPU.ActiveCfg = Debug|Any CPU
		{70646911-65D6-4A40-BCEC-7B6739ED91E6}.Debug Event Delivery|Any CPU.Build.0 = Debug|Any CPU
		{70646911-65D6-4A40-BCEC-7B6739ED91E6}.Debug|Any CPU.ActiveCfg = Debug|Any CPU
		{70646911-65D6-4A40-BCEC-7B6739ED91E6}.Debug|Any CPU.Build.0 = Debug|Any CPU
		{70646911-65D6-4A40-BCEC-7B6739ED91E6}.Release|Any CPU.ActiveCfg = Release|Any CPU
		{70646911-65D6-4A40-BCEC-7B6739ED91E6}.Release|Any CPU.Build.0 = Release|Any CPU
	EndGlobalSection
	GlobalSection(SolutionProperties) = preSolution
		HideSolutionNode = FALSE
	EndGlobalSection
	GlobalSection(NestedProjects) = preSolution
		{8C5D9947-4E24-43D9-BF3F-0EC822048BEF} = {04425821-3227-437B-AB9B-5F20B9A5510E}
		{A6558C51-188E-49DD-876F-E7C7BF8ED6C5} = {04425821-3227-437B-AB9B-5F20B9A5510E}
		{8E32D428-20CF-474E-B3EA-11B58EB2A20C} = {A6558C51-188E-49DD-876F-E7C7BF8ED6C5}
		{A84080AF-A341-452B-A936-997193FBA1FA} = {A6558C51-188E-49DD-876F-E7C7BF8ED6C5}
		{EF367C46-2ED7-429B-8B16-125771E85A07} = {8C5D9947-4E24-43D9-BF3F-0EC822048BEF}
		{7BBC5002-C0AE-4515-8719-BC3E5E385118} = {F12CB168-0F85-47C7-A84C-5EE83D468E54}
		{5FFD83B6-599E-4076-AAF7-9AC54AE7B03D} = {EF367C46-2ED7-429B-8B16-125771E85A07}
		{E0878DF1-FFA4-440D-8127-C2417DE2D879} = {EF367C46-2ED7-429B-8B16-125771E85A07}
		{EA8EF6E6-74E8-4D47-A659-F39725E6E856} = {EF367C46-2ED7-429B-8B16-125771E85A07}
		{FB0027CD-3BC6-46FC-BB6F-57BD6B298DED} = {EF367C46-2ED7-429B-8B16-125771E85A07}
		{3A8BE571-1229-4BB9-A360-855F39760300} = {EF367C46-2ED7-429B-8B16-125771E85A07}
		{041D315D-570E-44DB-94CC-77AD3F6B7C00} = {EF367C46-2ED7-429B-8B16-125771E85A07}
		{188A087C-E11E-4F18-ABFE-871413FFBE26} = {8DD354E5-BBDB-4C25-AC42-885205CAE39B}
		{8040CED2-6DB9-47FB-BDE5-77C165FB0618} = {21F42ED1-025F-4185-AC8C-E9AC9318A968}
		{206487FD-EF70-4031-A79D-E606EC32538B} = {21F42ED1-025F-4185-AC8C-E9AC9318A968}
		{148C41AB-FC95-433F-931F-0354DCC7CDDD} = {21F42ED1-025F-4185-AC8C-E9AC9318A968}
		{21F42ED1-025F-4185-AC8C-E9AC9318A968} = {F12CB168-0F85-47C7-A84C-5EE83D468E54}
		{BC132441-E8FA-4E0C-AF42-096630DC94EE} = {F12CB168-0F85-47C7-A84C-5EE83D468E54}
		{10203B26-DD24-4A87-BE4F-79C4212D313D} = {BC132441-E8FA-4E0C-AF42-096630DC94EE}
		{B2A28C29-3AA3-4AB3-9CA7-150290B8FDC7} = {21F42ED1-025F-4185-AC8C-E9AC9318A968}
		{2B5E2E7F-971E-429E-8052-AE6B09584719} = {574D22A4-A56A-4496-BC14-C32212C058E4}
		{7CBEE00B-12E7-4B1C-B261-EAD080C01AFE} = {574D22A4-A56A-4496-BC14-C32212C058E4}
		{FF6C98F0-BFF2-46A8-8239-D53CE53B78FE} = {F12CB168-0F85-47C7-A84C-5EE83D468E54}
		{2B86F53A-39B3-4317-910B-289DE08C0A86} = {FF6C98F0-BFF2-46A8-8239-D53CE53B78FE}
		{5762E79A-0D8D-476E-84A6-1896BD3EE759} = {FF6C98F0-BFF2-46A8-8239-D53CE53B78FE}
		{24D25C65-3D7F-4E72-A177-5A494834357C} = {FF6C98F0-BFF2-46A8-8239-D53CE53B78FE}
		{B0A7CB62-38CE-429C-BE7E-4BEF9CEB4C7A} = {FF6C98F0-BFF2-46A8-8239-D53CE53B78FE}
		{AD530279-AF8A-4663-B44A-BDD44BEC91BD} = {FF6C98F0-BFF2-46A8-8239-D53CE53B78FE}
		{3525EAF6-81A6-41B0-A76A-5E6894A4B5EA} = {AD530279-AF8A-4663-B44A-BDD44BEC91BD}
		{10B410A4-EFA1-4C5C-BBFB-86924BABC146} = {AD530279-AF8A-4663-B44A-BDD44BEC91BD}
		{7940A366-3FC4-4C05-8155-5FF3C2909558} = {AD530279-AF8A-4663-B44A-BDD44BEC91BD}
		{CF56DDFF-248F-48CA-82AB-0FBD1C79D7BE} = {FF6C98F0-BFF2-46A8-8239-D53CE53B78FE}
		{9D938697-77BF-421C-B2F9-D0E19A2D4E35} = {CF56DDFF-248F-48CA-82AB-0FBD1C79D7BE}
		{42E07FE6-069A-4C02-AFD5-F5A5591C35A6} = {9D938697-77BF-421C-B2F9-D0E19A2D4E35}
		{967BD60B-9477-4E64-AD87-AB8F7C899C11} = {9D938697-77BF-421C-B2F9-D0E19A2D4E35}
		{BD4D19CB-C072-48BF-B5D1-7B3E83A906C9} = {F12CB168-0F85-47C7-A84C-5EE83D468E54}
		{DA8608B0-3BD7-4A1F-861D-C61E7080DF83} = {CF56DDFF-248F-48CA-82AB-0FBD1C79D7BE}
		{5AC1FFAC-DD77-424D-B181-9C964B471F5B} = {CF56DDFF-248F-48CA-82AB-0FBD1C79D7BE}
		{1FC4C045-2656-4D54-A09D-5D5B613925A7} = {9D938697-77BF-421C-B2F9-D0E19A2D4E35}
		{05EE04CF-3B9F-4E38-BBCC-E6A396CE4676} = {1FC4C045-2656-4D54-A09D-5D5B613925A7}
		{4D3BD557-2EF8-47D5-8FD1-5BACCD9FBEA8} = {FF6C98F0-BFF2-46A8-8239-D53CE53B78FE}
		{CBF13A17-D754-44B3-A79A-2FF14C5C5CF4} = {4D3BD557-2EF8-47D5-8FD1-5BACCD9FBEA8}
		{70646911-65D6-4A40-BCEC-7B6739ED91E6} = {B0A7CB62-38CE-429C-BE7E-4BEF9CEB4C7A}
	EndGlobalSection
	GlobalSection(ExtensibilityGlobals) = postSolution
		SolutionGuid = {E5BDA517-FC7D-481B-ADEA-F5C7E24C67C6}
	EndGlobalSection
EndGlobal
