
Microsoft Visual Studio Solution File, Format Version 12.00
# Visual Studio Version 16
VisualStudioVersion = 16.0.28721.148
MinimumVisualStudioVersion = 10.0.40219.1
Project("{2150E333-8FDC-42A3-9474-1A3956D46DE8}") = "Diagramme", "Diagramme", "{8DD354E5-BBDB-4C25-AC42-885205CAE39B}"
	ProjectSection(SolutionItems) = preProject
		Diagramme\Bogen Eingang.png = Diagramme\Bogen Eingang.png
		Diagramme\Daten Beabeiten.png = Diagramme\Daten Beabeiten.png
		Diagramme\Daten Eingang.png = Diagramme\Daten Eingang.png
		Diagramme\Einplanen und Eintragen.png = Diagramme\Einplanen und Eintragen.png
		Diagramme\Fertig Stellen.png = Diagramme\Fertig Stellen.png
		Diagramme\Gund Ablauf.png = Diagramme\Gund Ablauf.png
		Help.txt = Help.txt
		Ideen.txt = Ideen.txt
		Diagramme\Produzieren.png = Diagramme\Produzieren.png
	EndProjectSection
EndProject
Project("{2150E333-8FDC-42A3-9474-1A3956D46DE8}") = "Architektur", "Architektur", "{188A087C-E11E-4F18-ABFE-871413FFBE26}"
	ProjectSection(SolutionItems) = preProject
		Aufbau Kern.txt = Aufbau Kern.txt
		Dispatcher.txt = Dispatcher.txt
		Webservice.txt = Webservice.txt
	EndProjectSection
EndProject
Project("{2150E333-8FDC-42A3-9474-1A3956D46DE8}") = "Deployment", "Deployment", "{C65A7611-D7FE-4174-B5DE-A966C5BC5A18}"
EndProject
Project("{2150E333-8FDC-42A3-9474-1A3956D46DE8}") = "Managment", "Managment", "{724A5231-8F02-4AFE-AE82-5AFA4444820A}"
EndProject
Project("{2150E333-8FDC-42A3-9474-1A3956D46DE8}") = "Application", "Application", "{853C4CBB-4A8F-475D-BAA8-9E05885B6041}"
EndProject
Project("{2150E333-8FDC-42A3-9474-1A3956D46DE8}") = "Upload", "Upload", "{D77A5F03-F25C-459F-97B0-B5F71A26A5FF}"
EndProject
Project("{9A19103F-16F7-4668-BE54-9A1E7A4F7556}") = "Tauron.Application.Deployment.AutoUpload", "Tauron.Application.Deployment.AutoUpload\Tauron.Application.Deployment.AutoUpload.csproj", "{8BFFF8AC-9391-4D65-87E9-D873F559A05D}"
	ProjectSection(ProjectDependencies) = postProject
		{1D0566E6-745C-40A8-AD89-D2CF8A0D2E67} = {1D0566E6-745C-40A8-AD89-D2CF8A0D2E67}
	EndProjectSection
EndProject
Project("{2150E333-8FDC-42A3-9474-1A3956D46DE8}") = "Shared", "Shared", "{97DB54DA-B117-4297-BD4F-7C4EB86ED2D4}"
EndProject
Project("{2150E333-8FDC-42A3-9474-1A3956D46DE8}") = "src", "src", "{CC88EC76-1DB4-41C8-9F2C-8C5C1AEED0BC}"
EndProject
Project("{2150E333-8FDC-42A3-9474-1A3956D46DE8}") = "TestApps", "TestApps", "{5515CF2E-3206-4EE9-9024-070B13F4A65A}"
EndProject
Project("{9A19103F-16F7-4668-BE54-9A1E7A4F7556}") = "TestConsoleApp", "TestConsoleApp\TestConsoleApp.csproj", "{1FF8851F-DB9B-40ED-856B-44A664486E29}"
EndProject
Project("{9A19103F-16F7-4668-BE54-9A1E7A4F7556}") = "Tauron.Application.Wpf", "Tauron.Application.Wpf\Tauron.Application.Wpf.csproj", "{A2FBE9D9-9E29-4488-9280-77ABC76B419C}"
EndProject
Project("{9A19103F-16F7-4668-BE54-9A1E7A4F7556}") = "ProjectBuilder", "ProjectBuilder\ProjectBuilder.csproj", "{1D0566E6-745C-40A8-AD89-D2CF8A0D2E67}"
EndProject
Project("{9A19103F-16F7-4668-BE54-9A1E7A4F7556}") = "Tauron.Application.SoftwareRepo", "Tauron.Application.SoftwareRepo\Tauron.Application.SoftwareRepo.csproj", "{D2656B72-659B-4D56-A70C-09662ABA907C}"
EndProject
Project("{2150E333-8FDC-42A3-9474-1A3956D46DE8}") = "Server", "Server", "{5572E43F-E5B8-4350-B45D-797B51759FA4}"
EndProject
Project("{9A19103F-16F7-4668-BE54-9A1E7A4F7556}") = "Tauron.Application.OptionsStore", "Tauron.Application.OptionsStore\Tauron.Application.OptionsStore.csproj", "{1B56312E-17F1-4ABA-B64E-E42B2CC6805C}"
EndProject
Project("{2150E333-8FDC-42A3-9474-1A3956D46DE8}") = "Client", "Client", "{73D2DF90-23BD-41EA-B102-24D881365166}"
EndProject
Project("{2150E333-8FDC-42A3-9474-1A3956D46DE8}") = "Server", "Server", "{D1C9005E-AEF0-4550-A0F3-C306DB560508}"
EndProject
Project("{2150E333-8FDC-42A3-9474-1A3956D46DE8}") = "Shared", "Shared", "{F2E34D37-28D5-4FDE-85CB-F2323E99B0C6}"
EndProject
Project("{9A19103F-16F7-4668-BE54-9A1E7A4F7556}") = "Tauron.Application.Shared", "Tauron.Application.Shared\Tauron.Application.Shared.csproj", "{1F3B6D37-5FF2-4657-8695-16115F85B53D}"
EndProject
Project("{9A19103F-16F7-4668-BE54-9A1E7A4F7556}") = "FileServer", "FileServer\FileServer.csproj", "{BC8334D9-67F2-4128-BE7F-6FCF9C8A7946}"
EndProject
Project("{9A19103F-16F7-4668-BE54-9A1E7A4F7556}") = "FileServer.Lib", "FileServer.Lib\FileServer.Lib.csproj", "{5F0BE2A4-6374-4C42-97C0-D84D12EF90D9}"
EndProject
Project("{9A19103F-16F7-4668-BE54-9A1E7A4F7556}") = "Tauron.Application.Data.Raven", "Tauron.Application.Data.Raven\Tauron.Application.Data.Raven.csproj", "{002720E1-146E-4F68-8016-A8BCEEFF49D9}"
EndProject
Project("{9A19103F-16F7-4668-BE54-9A1E7A4F7556}") = "Tauron.Application.Deployment.Server", "Tauron.Application.Deployment.Server\Tauron.Application.Deployment.Server.csproj", "{88BD57F2-8474-4ED6-A7D2-A6B6E9E1FB71}"
EndProject
Project("{9A19103F-16F7-4668-BE54-9A1E7A4F7556}") = "Tauron.Application.SimpleAuth", "Tauron.Application.SimpleAuth\Tauron.Application.SimpleAuth.csproj", "{0BB350F0-19C3-462A-9F2B-72CE71E27FEB}"
EndProject
Project("{9A19103F-16F7-4668-BE54-9A1E7A4F7556}") = "Tauron.Application.Logging", "Tauron.Application.Logging\Tauron.Application.Logging.csproj", "{A1E12120-ED6B-4515-B794-9E8605C766F5}"
EndProject
Project("{9A19103F-16F7-4668-BE54-9A1E7A4F7556}") = "Tauron.Application.SimpleAuth.Tests", "Tauron.Application.SimpleAuth.Tests\Tauron.Application.SimpleAuth.Tests.csproj", "{2401FE7C-EB84-455A-8D2C-23F49805DF6A}"
EndProject
Project("{2150E333-8FDC-42A3-9474-1A3956D46DE8}") = "TestHelper", "TestHelper", "{56A672B7-6BBA-4D21-B30E-02C02313BC01}"
EndProject
Project("{9A19103F-16F7-4668-BE54-9A1E7A4F7556}") = "TestHelpers", "TestHelpers\TestHelpers.csproj", "{33233AFA-768C-43A1-93F5-8E0BC6DA7AA1}"
EndProject
Project("{9A19103F-16F7-4668-BE54-9A1E7A4F7556}") = "Tauron.Application.Deployment.Server.Tests", "Tauron.Application.Deployment.Server.Tests\Tauron.Application.Deployment.Server.Tests.csproj", "{69213567-6731-482E-B087-92D8714F082D}"
EndProject
Project("{9A19103F-16F7-4668-BE54-9A1E7A4F7556}") = "Neleus.DependencyInjection.Extensions", "Neleus.DependencyInjection.Extensions\Neleus.DependencyInjection.Extensions.csproj", "{E2C4D64D-B6CD-4FD6-8DBD-1958F08373BB}"
EndProject
Project("{9A19103F-16F7-4668-BE54-9A1E7A4F7556}") = "Neleus.DependencyInjection.Extensions.Tests", "Neleus.DependencyInjection.Extensions.Tests\Neleus.DependencyInjection.Extensions.Tests.csproj", "{E039358F-A506-4D29-8908-3A4D319D3EA8}"
EndProject
Project("{2150E333-8FDC-42A3-9474-1A3956D46DE8}") = "Common", "Common", "{ADCAC0BC-125C-466C-A531-9B7EC2000C23}"
EndProject
Project("{9A19103F-16F7-4668-BE54-9A1E7A4F7556}") = "Tauron.Application.Common", "Tauron.Application.Common\Tauron.Application.Common.csproj", "{EADA6572-36DE-43C0-8B91-1EEA6D6B0FE5}"
EndProject
Project("{2150E333-8FDC-42A3-9474-1A3956D46DE8}") = "Ipc", "Ipc", "{F24620B1-6429-4B71-A0E1-F0069779B839}"
EndProject
Project("{9A19103F-16F7-4668-BE54-9A1E7A4F7556}") = "JKang.IpcServiceFramework.Core", "IPC\JKang.IpcServiceFramework.Core\JKang.IpcServiceFramework.Core.csproj", "{413AC536-A575-4F2B-974E-BF05D675885B}"
EndProject
Project("{9A19103F-16F7-4668-BE54-9A1E7A4F7556}") = "JKang.IpcServiceFramework.Client", "IPC\JKang.IpcServiceFramework.Client\JKang.IpcServiceFramework.Client.csproj", "{D0A7CDD5-6AD3-481A-B590-8C436BFDD785}"
EndProject
Project("{9A19103F-16F7-4668-BE54-9A1E7A4F7556}") = "JKang.IpcServiceFramework.Server", "IPC\JKang.IpcServiceFramework.Server\JKang.IpcServiceFramework.Server.csproj", "{C65091F4-0C22-4452-B369-9E6C9FDBB5C7}"
EndProject
Project("{9A19103F-16F7-4668-BE54-9A1E7A4F7556}") = "JKang.IpcServiceFramework.Core.Tests", "IPC\JKang.IpcServiceFramework.Core.Tests\JKang.IpcServiceFramework.Core.Tests.csproj", "{FE7821A0-FD93-4DD2-A661-0166811E10E3}"
EndProject
Project("{9A19103F-16F7-4668-BE54-9A1E7A4F7556}") = "JKang.IpcServiceFramework.IntegrationTests", "IPC\JKang.IpcServiceFramework.IntegrationTests\JKang.IpcServiceFramework.IntegrationTests.csproj", "{412FB3BA-3FA7-427B-B6FA-F83011E2B6EA}"
EndProject
Project("{2150E333-8FDC-42A3-9474-1A3956D46DE8}") = "Ui", "Ui", "{342886BB-C371-4E8F-B683-814E114E2B26}"
EndProject
Project("{9A19103F-16F7-4668-BE54-9A1E7A4F7556}") = "Tauron.Application.TooUI", "Tauron.Application.TooUI\Tauron.Application.TooUI.csproj", "{67FC18CF-0CFD-4FA3-BA73-87A073D004AD}"
EndProject
Project("{9A19103F-16F7-4668-BE54-9A1E7A4F7556}") = "Tauron.Application.ToolUI.Shared", "Tauron.Application.ToolUI.Shared\Tauron.Application.ToolUI.Shared.csproj", "{980950F2-D806-4970-8DD1-09DCE72D3CC1}"
EndProject
Project("{9A19103F-16F7-4668-BE54-9A1E7A4F7556}") = "Tauron.Application.Files", "Tauron.Application.Files\Tauron.Application.Files.csproj", "{EEF4CE45-0BBA-4494-AFD7-8C0A0038D947}"
EndProject
Global
	GlobalSection(SolutionConfigurationPlatforms) = preSolution
		Debug|Any CPU = Debug|Any CPU
		Release|Any CPU = Release|Any CPU
	EndGlobalSection
	GlobalSection(ProjectConfigurationPlatforms) = postSolution
		{8BFFF8AC-9391-4D65-87E9-D873F559A05D}.Debug|Any CPU.ActiveCfg = Debug|Any CPU
		{8BFFF8AC-9391-4D65-87E9-D873F559A05D}.Debug|Any CPU.Build.0 = Debug|Any CPU
		{8BFFF8AC-9391-4D65-87E9-D873F559A05D}.Release|Any CPU.ActiveCfg = Release|Any CPU
		{8BFFF8AC-9391-4D65-87E9-D873F559A05D}.Release|Any CPU.Build.0 = Release|Any CPU
		{1FF8851F-DB9B-40ED-856B-44A664486E29}.Debug|Any CPU.ActiveCfg = Debug|Any CPU
		{1FF8851F-DB9B-40ED-856B-44A664486E29}.Debug|Any CPU.Build.0 = Debug|Any CPU
		{1FF8851F-DB9B-40ED-856B-44A664486E29}.Release|Any CPU.ActiveCfg = Release|Any CPU
		{1FF8851F-DB9B-40ED-856B-44A664486E29}.Release|Any CPU.Build.0 = Release|Any CPU
		{A2FBE9D9-9E29-4488-9280-77ABC76B419C}.Debug|Any CPU.ActiveCfg = Debug|Any CPU
		{A2FBE9D9-9E29-4488-9280-77ABC76B419C}.Debug|Any CPU.Build.0 = Debug|Any CPU
		{A2FBE9D9-9E29-4488-9280-77ABC76B419C}.Release|Any CPU.ActiveCfg = Release|Any CPU
		{A2FBE9D9-9E29-4488-9280-77ABC76B419C}.Release|Any CPU.Build.0 = Release|Any CPU
		{1D0566E6-745C-40A8-AD89-D2CF8A0D2E67}.Debug|Any CPU.ActiveCfg = Debug|Any CPU
		{1D0566E6-745C-40A8-AD89-D2CF8A0D2E67}.Debug|Any CPU.Build.0 = Debug|Any CPU
		{1D0566E6-745C-40A8-AD89-D2CF8A0D2E67}.Release|Any CPU.ActiveCfg = Release|Any CPU
		{1D0566E6-745C-40A8-AD89-D2CF8A0D2E67}.Release|Any CPU.Build.0 = Release|Any CPU
		{D2656B72-659B-4D56-A70C-09662ABA907C}.Debug|Any CPU.ActiveCfg = Debug|Any CPU
		{D2656B72-659B-4D56-A70C-09662ABA907C}.Debug|Any CPU.Build.0 = Debug|Any CPU
		{D2656B72-659B-4D56-A70C-09662ABA907C}.Release|Any CPU.ActiveCfg = Release|Any CPU
		{D2656B72-659B-4D56-A70C-09662ABA907C}.Release|Any CPU.Build.0 = Release|Any CPU
		{1B56312E-17F1-4ABA-B64E-E42B2CC6805C}.Debug|Any CPU.ActiveCfg = Debug|Any CPU
		{1B56312E-17F1-4ABA-B64E-E42B2CC6805C}.Debug|Any CPU.Build.0 = Debug|Any CPU
		{1B56312E-17F1-4ABA-B64E-E42B2CC6805C}.Release|Any CPU.ActiveCfg = Release|Any CPU
		{1B56312E-17F1-4ABA-B64E-E42B2CC6805C}.Release|Any CPU.Build.0 = Release|Any CPU
		{1F3B6D37-5FF2-4657-8695-16115F85B53D}.Debug|Any CPU.ActiveCfg = Debug|Any CPU
		{1F3B6D37-5FF2-4657-8695-16115F85B53D}.Debug|Any CPU.Build.0 = Debug|Any CPU
		{1F3B6D37-5FF2-4657-8695-16115F85B53D}.Release|Any CPU.ActiveCfg = Release|Any CPU
		{1F3B6D37-5FF2-4657-8695-16115F85B53D}.Release|Any CPU.Build.0 = Release|Any CPU
		{BC8334D9-67F2-4128-BE7F-6FCF9C8A7946}.Debug|Any CPU.ActiveCfg = Debug|Any CPU
		{BC8334D9-67F2-4128-BE7F-6FCF9C8A7946}.Debug|Any CPU.Build.0 = Debug|Any CPU
		{BC8334D9-67F2-4128-BE7F-6FCF9C8A7946}.Release|Any CPU.ActiveCfg = Release|Any CPU
		{BC8334D9-67F2-4128-BE7F-6FCF9C8A7946}.Release|Any CPU.Build.0 = Release|Any CPU
		{5F0BE2A4-6374-4C42-97C0-D84D12EF90D9}.Debug|Any CPU.ActiveCfg = Debug|Any CPU
		{5F0BE2A4-6374-4C42-97C0-D84D12EF90D9}.Debug|Any CPU.Build.0 = Debug|Any CPU
		{5F0BE2A4-6374-4C42-97C0-D84D12EF90D9}.Release|Any CPU.ActiveCfg = Release|Any CPU
		{5F0BE2A4-6374-4C42-97C0-D84D12EF90D9}.Release|Any CPU.Build.0 = Release|Any CPU
		{002720E1-146E-4F68-8016-A8BCEEFF49D9}.Debug|Any CPU.ActiveCfg = Debug|Any CPU
		{002720E1-146E-4F68-8016-A8BCEEFF49D9}.Debug|Any CPU.Build.0 = Debug|Any CPU
		{002720E1-146E-4F68-8016-A8BCEEFF49D9}.Release|Any CPU.ActiveCfg = Release|Any CPU
		{002720E1-146E-4F68-8016-A8BCEEFF49D9}.Release|Any CPU.Build.0 = Release|Any CPU
		{88BD57F2-8474-4ED6-A7D2-A6B6E9E1FB71}.Debug|Any CPU.ActiveCfg = Debug|Any CPU
		{88BD57F2-8474-4ED6-A7D2-A6B6E9E1FB71}.Debug|Any CPU.Build.0 = Debug|Any CPU
		{88BD57F2-8474-4ED6-A7D2-A6B6E9E1FB71}.Release|Any CPU.ActiveCfg = Release|Any CPU
		{88BD57F2-8474-4ED6-A7D2-A6B6E9E1FB71}.Release|Any CPU.Build.0 = Release|Any CPU
		{0BB350F0-19C3-462A-9F2B-72CE71E27FEB}.Debug|Any CPU.ActiveCfg = Debug|Any CPU
		{0BB350F0-19C3-462A-9F2B-72CE71E27FEB}.Debug|Any CPU.Build.0 = Debug|Any CPU
		{0BB350F0-19C3-462A-9F2B-72CE71E27FEB}.Release|Any CPU.ActiveCfg = Release|Any CPU
		{0BB350F0-19C3-462A-9F2B-72CE71E27FEB}.Release|Any CPU.Build.0 = Release|Any CPU
		{A1E12120-ED6B-4515-B794-9E8605C766F5}.Debug|Any CPU.ActiveCfg = Debug|Any CPU
		{A1E12120-ED6B-4515-B794-9E8605C766F5}.Debug|Any CPU.Build.0 = Debug|Any CPU
		{A1E12120-ED6B-4515-B794-9E8605C766F5}.Release|Any CPU.ActiveCfg = Release|Any CPU
		{A1E12120-ED6B-4515-B794-9E8605C766F5}.Release|Any CPU.Build.0 = Release|Any CPU
		{2401FE7C-EB84-455A-8D2C-23F49805DF6A}.Debug|Any CPU.ActiveCfg = Debug|Any CPU
		{2401FE7C-EB84-455A-8D2C-23F49805DF6A}.Debug|Any CPU.Build.0 = Debug|Any CPU
		{2401FE7C-EB84-455A-8D2C-23F49805DF6A}.Release|Any CPU.ActiveCfg = Release|Any CPU
		{2401FE7C-EB84-455A-8D2C-23F49805DF6A}.Release|Any CPU.Build.0 = Release|Any CPU
		{33233AFA-768C-43A1-93F5-8E0BC6DA7AA1}.Debug|Any CPU.ActiveCfg = Debug|Any CPU
		{33233AFA-768C-43A1-93F5-8E0BC6DA7AA1}.Debug|Any CPU.Build.0 = Debug|Any CPU
		{33233AFA-768C-43A1-93F5-8E0BC6DA7AA1}.Release|Any CPU.ActiveCfg = Release|Any CPU
		{33233AFA-768C-43A1-93F5-8E0BC6DA7AA1}.Release|Any CPU.Build.0 = Release|Any CPU
		{69213567-6731-482E-B087-92D8714F082D}.Debug|Any CPU.ActiveCfg = Debug|Any CPU
		{69213567-6731-482E-B087-92D8714F082D}.Debug|Any CPU.Build.0 = Debug|Any CPU
		{69213567-6731-482E-B087-92D8714F082D}.Release|Any CPU.ActiveCfg = Release|Any CPU
		{69213567-6731-482E-B087-92D8714F082D}.Release|Any CPU.Build.0 = Release|Any CPU
		{E2C4D64D-B6CD-4FD6-8DBD-1958F08373BB}.Debug|Any CPU.ActiveCfg = Debug|Any CPU
		{E2C4D64D-B6CD-4FD6-8DBD-1958F08373BB}.Debug|Any CPU.Build.0 = Debug|Any CPU
		{E2C4D64D-B6CD-4FD6-8DBD-1958F08373BB}.Release|Any CPU.ActiveCfg = Release|Any CPU
		{E2C4D64D-B6CD-4FD6-8DBD-1958F08373BB}.Release|Any CPU.Build.0 = Release|Any CPU
		{E039358F-A506-4D29-8908-3A4D319D3EA8}.Debug|Any CPU.ActiveCfg = Debug|Any CPU
		{E039358F-A506-4D29-8908-3A4D319D3EA8}.Debug|Any CPU.Build.0 = Debug|Any CPU
		{E039358F-A506-4D29-8908-3A4D319D3EA8}.Release|Any CPU.ActiveCfg = Release|Any CPU
		{E039358F-A506-4D29-8908-3A4D319D3EA8}.Release|Any CPU.Build.0 = Release|Any CPU
		{EADA6572-36DE-43C0-8B91-1EEA6D6B0FE5}.Debug|Any CPU.ActiveCfg = Debug|Any CPU
		{EADA6572-36DE-43C0-8B91-1EEA6D6B0FE5}.Debug|Any CPU.Build.0 = Debug|Any CPU
		{EADA6572-36DE-43C0-8B91-1EEA6D6B0FE5}.Release|Any CPU.ActiveCfg = Release|Any CPU
		{EADA6572-36DE-43C0-8B91-1EEA6D6B0FE5}.Release|Any CPU.Build.0 = Release|Any CPU
		{413AC536-A575-4F2B-974E-BF05D675885B}.Debug|Any CPU.ActiveCfg = Debug|Any CPU
		{413AC536-A575-4F2B-974E-BF05D675885B}.Debug|Any CPU.Build.0 = Debug|Any CPU
		{413AC536-A575-4F2B-974E-BF05D675885B}.Release|Any CPU.ActiveCfg = Release|Any CPU
		{413AC536-A575-4F2B-974E-BF05D675885B}.Release|Any CPU.Build.0 = Release|Any CPU
		{D0A7CDD5-6AD3-481A-B590-8C436BFDD785}.Debug|Any CPU.ActiveCfg = Debug|Any CPU
		{D0A7CDD5-6AD3-481A-B590-8C436BFDD785}.Debug|Any CPU.Build.0 = Debug|Any CPU
		{D0A7CDD5-6AD3-481A-B590-8C436BFDD785}.Release|Any CPU.ActiveCfg = Release|Any CPU
		{D0A7CDD5-6AD3-481A-B590-8C436BFDD785}.Release|Any CPU.Build.0 = Release|Any CPU
		{C65091F4-0C22-4452-B369-9E6C9FDBB5C7}.Debug|Any CPU.ActiveCfg = Debug|Any CPU
		{C65091F4-0C22-4452-B369-9E6C9FDBB5C7}.Debug|Any CPU.Build.0 = Debug|Any CPU
		{C65091F4-0C22-4452-B369-9E6C9FDBB5C7}.Release|Any CPU.ActiveCfg = Release|Any CPU
		{C65091F4-0C22-4452-B369-9E6C9FDBB5C7}.Release|Any CPU.Build.0 = Release|Any CPU
		{FE7821A0-FD93-4DD2-A661-0166811E10E3}.Debug|Any CPU.ActiveCfg = Debug|Any CPU
		{FE7821A0-FD93-4DD2-A661-0166811E10E3}.Debug|Any CPU.Build.0 = Debug|Any CPU
		{FE7821A0-FD93-4DD2-A661-0166811E10E3}.Release|Any CPU.ActiveCfg = Release|Any CPU
		{FE7821A0-FD93-4DD2-A661-0166811E10E3}.Release|Any CPU.Build.0 = Release|Any CPU
		{412FB3BA-3FA7-427B-B6FA-F83011E2B6EA}.Debug|Any CPU.ActiveCfg = Debug|Any CPU
		{412FB3BA-3FA7-427B-B6FA-F83011E2B6EA}.Debug|Any CPU.Build.0 = Debug|Any CPU
		{412FB3BA-3FA7-427B-B6FA-F83011E2B6EA}.Release|Any CPU.ActiveCfg = Release|Any CPU
		{412FB3BA-3FA7-427B-B6FA-F83011E2B6EA}.Release|Any CPU.Build.0 = Release|Any CPU
		{67FC18CF-0CFD-4FA3-BA73-87A073D004AD}.Debug|Any CPU.ActiveCfg = Debug|Any CPU
		{67FC18CF-0CFD-4FA3-BA73-87A073D004AD}.Debug|Any CPU.Build.0 = Debug|Any CPU
		{67FC18CF-0CFD-4FA3-BA73-87A073D004AD}.Release|Any CPU.ActiveCfg = Release|Any CPU
		{67FC18CF-0CFD-4FA3-BA73-87A073D004AD}.Release|Any CPU.Build.0 = Release|Any CPU
		{980950F2-D806-4970-8DD1-09DCE72D3CC1}.Debug|Any CPU.ActiveCfg = Debug|Any CPU
		{980950F2-D806-4970-8DD1-09DCE72D3CC1}.Debug|Any CPU.Build.0 = Debug|Any CPU
		{980950F2-D806-4970-8DD1-09DCE72D3CC1}.Release|Any CPU.ActiveCfg = Release|Any CPU
		{980950F2-D806-4970-8DD1-09DCE72D3CC1}.Release|Any CPU.Build.0 = Release|Any CPU
		{EEF4CE45-0BBA-4494-AFD7-8C0A0038D947}.Debug|Any CPU.ActiveCfg = Debug|Any CPU
		{EEF4CE45-0BBA-4494-AFD7-8C0A0038D947}.Debug|Any CPU.Build.0 = Debug|Any CPU
		{EEF4CE45-0BBA-4494-AFD7-8C0A0038D947}.Release|Any CPU.ActiveCfg = Release|Any CPU
		{EEF4CE45-0BBA-4494-AFD7-8C0A0038D947}.Release|Any CPU.Build.0 = Release|Any CPU
	EndGlobalSection
	GlobalSection(SolutionProperties) = preSolution
		HideSolutionNode = FALSE
	EndGlobalSection
	GlobalSection(NestedProjects) = preSolution
		{188A087C-E11E-4F18-ABFE-871413FFBE26} = {8DD354E5-BBDB-4C25-AC42-885205CAE39B}
		{C65A7611-D7FE-4174-B5DE-A966C5BC5A18} = {CC88EC76-1DB4-41C8-9F2C-8C5C1AEED0BC}
		{724A5231-8F02-4AFE-AE82-5AFA4444820A} = {CC88EC76-1DB4-41C8-9F2C-8C5C1AEED0BC}
		{853C4CBB-4A8F-475D-BAA8-9E05885B6041} = {CC88EC76-1DB4-41C8-9F2C-8C5C1AEED0BC}
		{D77A5F03-F25C-459F-97B0-B5F71A26A5FF} = {C65A7611-D7FE-4174-B5DE-A966C5BC5A18}
		{8BFFF8AC-9391-4D65-87E9-D873F559A05D} = {D77A5F03-F25C-459F-97B0-B5F71A26A5FF}
		{97DB54DA-B117-4297-BD4F-7C4EB86ED2D4} = {CC88EC76-1DB4-41C8-9F2C-8C5C1AEED0BC}
		{1FF8851F-DB9B-40ED-856B-44A664486E29} = {5515CF2E-3206-4EE9-9024-070B13F4A65A}
		{A2FBE9D9-9E29-4488-9280-77ABC76B419C} = {ADCAC0BC-125C-466C-A531-9B7EC2000C23}
		{1D0566E6-745C-40A8-AD89-D2CF8A0D2E67} = {D77A5F03-F25C-459F-97B0-B5F71A26A5FF}
		{D2656B72-659B-4D56-A70C-09662ABA907C} = {ADCAC0BC-125C-466C-A531-9B7EC2000C23}
		{5572E43F-E5B8-4350-B45D-797B51759FA4} = {C65A7611-D7FE-4174-B5DE-A966C5BC5A18}
		{1B56312E-17F1-4ABA-B64E-E42B2CC6805C} = {ADCAC0BC-125C-466C-A531-9B7EC2000C23}
		{73D2DF90-23BD-41EA-B102-24D881365166} = {853C4CBB-4A8F-475D-BAA8-9E05885B6041}
		{D1C9005E-AEF0-4550-A0F3-C306DB560508} = {853C4CBB-4A8F-475D-BAA8-9E05885B6041}
		{F2E34D37-28D5-4FDE-85CB-F2323E99B0C6} = {853C4CBB-4A8F-475D-BAA8-9E05885B6041}
		{1F3B6D37-5FF2-4657-8695-16115F85B53D} = {F2E34D37-28D5-4FDE-85CB-F2323E99B0C6}
		{BC8334D9-67F2-4128-BE7F-6FCF9C8A7946} = {D1C9005E-AEF0-4550-A0F3-C306DB560508}
		{5F0BE2A4-6374-4C42-97C0-D84D12EF90D9} = {D1C9005E-AEF0-4550-A0F3-C306DB560508}
		{002720E1-146E-4F68-8016-A8BCEEFF49D9} = {ADCAC0BC-125C-466C-A531-9B7EC2000C23}
		{88BD57F2-8474-4ED6-A7D2-A6B6E9E1FB71} = {5572E43F-E5B8-4350-B45D-797B51759FA4}
		{0BB350F0-19C3-462A-9F2B-72CE71E27FEB} = {C65A7611-D7FE-4174-B5DE-A966C5BC5A18}
		{A1E12120-ED6B-4515-B794-9E8605C766F5} = {ADCAC0BC-125C-466C-A531-9B7EC2000C23}
		{2401FE7C-EB84-455A-8D2C-23F49805DF6A} = {C65A7611-D7FE-4174-B5DE-A966C5BC5A18}
		{56A672B7-6BBA-4D21-B30E-02C02313BC01} = {97DB54DA-B117-4297-BD4F-7C4EB86ED2D4}
		{33233AFA-768C-43A1-93F5-8E0BC6DA7AA1} = {56A672B7-6BBA-4D21-B30E-02C02313BC01}
		{69213567-6731-482E-B087-92D8714F082D} = {5572E43F-E5B8-4350-B45D-797B51759FA4}
		{E2C4D64D-B6CD-4FD6-8DBD-1958F08373BB} = {ADCAC0BC-125C-466C-A531-9B7EC2000C23}
		{E039358F-A506-4D29-8908-3A4D319D3EA8} = {ADCAC0BC-125C-466C-A531-9B7EC2000C23}
		{ADCAC0BC-125C-466C-A531-9B7EC2000C23} = {97DB54DA-B117-4297-BD4F-7C4EB86ED2D4}
		{EADA6572-36DE-43C0-8B91-1EEA6D6B0FE5} = {ADCAC0BC-125C-466C-A531-9B7EC2000C23}
		{F24620B1-6429-4B71-A0E1-F0069779B839} = {ADCAC0BC-125C-466C-A531-9B7EC2000C23}
		{413AC536-A575-4F2B-974E-BF05D675885B} = {F24620B1-6429-4B71-A0E1-F0069779B839}
		{D0A7CDD5-6AD3-481A-B590-8C436BFDD785} = {F24620B1-6429-4B71-A0E1-F0069779B839}
		{C65091F4-0C22-4452-B369-9E6C9FDBB5C7} = {F24620B1-6429-4B71-A0E1-F0069779B839}
		{FE7821A0-FD93-4DD2-A661-0166811E10E3} = {F24620B1-6429-4B71-A0E1-F0069779B839}
		{412FB3BA-3FA7-427B-B6FA-F83011E2B6EA} = {F24620B1-6429-4B71-A0E1-F0069779B839}
		{342886BB-C371-4E8F-B683-814E114E2B26} = {724A5231-8F02-4AFE-AE82-5AFA4444820A}
		{67FC18CF-0CFD-4FA3-BA73-87A073D004AD} = {342886BB-C371-4E8F-B683-814E114E2B26}
		{980950F2-D806-4970-8DD1-09DCE72D3CC1} = {342886BB-C371-4E8F-B683-814E114E2B26}
		{EEF4CE45-0BBA-4494-AFD7-8C0A0038D947} = {ADCAC0BC-125C-466C-A531-9B7EC2000C23}
	EndGlobalSection
	GlobalSection(ExtensibilityGlobals) = postSolution
		SolutionGuid = {E5BDA517-FC7D-481B-ADEA-F5C7E24C67C6}
	EndGlobalSection
EndGlobal
