# THIS IS AN AUTOGENERATED FILE. DO NOT EDIT THIS FILE DIRECTLY.
# yarn lockfile v1


"@syncfusion/ej2-base@~17.1.38":
  version "17.1.38"
  resolved "https://registry.yarnpkg.com/@syncfusion/ej2-base/-/ej2-base-17.1.38.tgz#d37a38a1394c0a6d932fd30cc8a9bcfe4b3a67d3"
  integrity sha512-K9evWNRJL+QODBPFZuRbKqjbsx/9AjvPJRuKc5v9/w+nFGdkpLdW4lMDERPy9VPxzAMbm1KmpLTFwvLjzaPTGg==
  dependencies:
    "@syncfusion/ej2-icons" "~17.1.38"

"@syncfusion/ej2-buttons@~17.1.38":
  version "17.1.38"
  resolved "https://registry.yarnpkg.com/@syncfusion/ej2-buttons/-/ej2-buttons-17.1.38.tgz#97757cd83b2fcaf335ef1c3915efc39e6ea9e2b0"
  integrity sha512-AJu75hwbhyp42g2Uk2M+zaNVu/CsEWx1QQckC8Syc7A+XN67mrg66F8ZCABNCtsbAyRFKuc88ngVxuDDz78gsg==
  dependencies:
    "@syncfusion/ej2-base" "~17.1.38"

"@syncfusion/ej2-calendars@~17.1.38":
  version "17.1.38"
  resolved "https://registry.yarnpkg.com/@syncfusion/ej2-calendars/-/ej2-calendars-17.1.38.tgz#41a4cf74b56382bb2bf5cf54938cba35a2734123"
  integrity sha512-ZX/h1PTg/TbVb9qrzt7j2WERqnjMF/IHEkWHWyGq8tot6Jel1FncpDp1+wh0xrcF4FF9lGUoxhrIPCsa+mHo2g==
  dependencies:
    "@syncfusion/ej2-base" "~17.1.38"
    "@syncfusion/ej2-buttons" "~17.1.38"
    "@syncfusion/ej2-inputs" "~17.1.38"
    "@syncfusion/ej2-lists" "~17.1.38"
    "@syncfusion/ej2-popups" "~17.1.38"

"@syncfusion/ej2-charts@~17.1.38":
  version "17.1.38"
  resolved "https://registry.yarnpkg.com/@syncfusion/ej2-charts/-/ej2-charts-17.1.38.tgz#f7482d916ad9c183a0de85fbf8f1f00232469151"
  integrity sha512-9/suttlJ7GUxfnoAM2fkDEci/nyjJcsdUaPWienNdjtEnfT3CE2acCWmKJUh7YmXje8e2D8BtaLZI6yJsueEFA==
  dependencies:
    "@syncfusion/ej2-base" "~17.1.38"
    "@syncfusion/ej2-calendars" "~17.1.38"
    "@syncfusion/ej2-compression" "~17.1.38"
    "@syncfusion/ej2-data" "~17.1.38"
    "@syncfusion/ej2-file-utils" "~17.1.38"
    "@syncfusion/ej2-navigations" "~17.1.38"
    "@syncfusion/ej2-pdf-export" "~17.1.38"
    "@syncfusion/ej2-svg-base" "~17.1.38"

"@syncfusion/ej2-circulargauge@~17.1.38":
  version "17.1.38"
  resolved "https://registry.yarnpkg.com/@syncfusion/ej2-circulargauge/-/ej2-circulargauge-17.1.38.tgz#5a6c6e4f035d2fab9594a0a50a99aa7a77dc5520"
  integrity sha512-hUSyWhXJV91KVGpPwSCaYxkyaVEN/A/P2iGAYNhCHHtIMkU9SvaXYszqUdH4zwCyS7AYcJdreh8qjasdTKju5A==
  dependencies:
    "@syncfusion/ej2-base" "~17.1.38"
    "@syncfusion/ej2-popups" "~17.1.38"
    "@syncfusion/ej2-svg-base" "~17.1.38"

"@syncfusion/ej2-compression@~17.1.38":
  version "17.1.38"
  resolved "https://registry.yarnpkg.com/@syncfusion/ej2-compression/-/ej2-compression-17.1.38.tgz#d102927793805e5eccf79359980ead9b19847340"
  integrity sha512-55hVR4HBgmXM2UPSLt1rfhNTCkQg2F7E93Aj4NppzkihjMvra/djDnMD3x8rVYtyaAwC0mGRGgKREWuNuYNEAw==
  dependencies:
    "@syncfusion/ej2-file-utils" "~17.1.38"

"@syncfusion/ej2-data@~17.1.38":
  version "17.1.38"
  resolved "https://registry.yarnpkg.com/@syncfusion/ej2-data/-/ej2-data-17.1.38.tgz#d7323bd8f9fa378bfd11fd426e2c784657c7dde9"
  integrity sha512-zqYpmpmUhnkSYnCOKI/srr5QGkCFQGsPnDYAkv7+pRmOKlRNmbE/7OFV2lFI1QyQdU/zYSX9qER1Ttr6jcSZKg==
  dependencies:
    "@syncfusion/ej2-base" "~17.1.38"

"@syncfusion/ej2-diagrams@~17.1.38":
  version "17.1.38"
  resolved "https://registry.yarnpkg.com/@syncfusion/ej2-diagrams/-/ej2-diagrams-17.1.38.tgz#5323440e52d36568fc5981312b4ddf5f32d43676"
  integrity sha512-lT4i/bPtxnP6sDQQxRMwjKKoimSiaNLDjPLx4msTU+y3JzT+CeUjk7Q+OayyGJRbhV4Z/W1k09KHDEF2/fm4vA==
  dependencies:
    "@syncfusion/ej2-base" "~17.1.38"
    "@syncfusion/ej2-buttons" "~17.1.38"
    "@syncfusion/ej2-data" "~17.1.38"
    "@syncfusion/ej2-inputs" "~17.1.38"
    "@syncfusion/ej2-lists" "~17.1.38"
    "@syncfusion/ej2-navigations" "~17.1.38"
    "@syncfusion/ej2-popups" "~17.1.38"

"@syncfusion/ej2-documenteditor@~17.1.38":
  version "17.1.38"
  resolved "https://registry.yarnpkg.com/@syncfusion/ej2-documenteditor/-/ej2-documenteditor-17.1.38.tgz#48ceff25ff326d793950e75783c3d16577a24b57"
  integrity sha512-wCVjhrhX2Ag51wkVJy/m778YohhZ8YE6ZWjp/99mvg8I/1IVYNK+D8ZwG8Hfv3PdrQTgJt92GxXh176D0v/FQw==
  dependencies:
    "@syncfusion/ej2-base" "~17.1.38"
    "@syncfusion/ej2-buttons" "~17.1.38"
    "@syncfusion/ej2-compression" "~17.1.38"
    "@syncfusion/ej2-dropdowns" "~17.1.38"
    "@syncfusion/ej2-file-utils" "~17.1.38"
    "@syncfusion/ej2-inputs" "~17.1.38"
    "@syncfusion/ej2-navigations" "~17.1.38"
    "@syncfusion/ej2-popups" "~17.1.38"
    "@syncfusion/ej2-splitbuttons" "~17.1.38"

"@syncfusion/ej2-dropdowns@~17.1.38":
  version "17.1.38"
  resolved "https://registry.yarnpkg.com/@syncfusion/ej2-dropdowns/-/ej2-dropdowns-17.1.38.tgz#cab0799a140ee5869f64f1efc68cc1361c8391ad"
  integrity sha512-jh1oeWOpzigEZy70jJqV2+0HMNHcD1FK5dEM+AHLkm/hzprwH3+yMJY43h1T5mtD9rUvfODlVpK+OvTxfUQElg==
  dependencies:
    "@syncfusion/ej2-base" "~17.1.38"
    "@syncfusion/ej2-data" "~17.1.38"
    "@syncfusion/ej2-inputs" "~17.1.38"
    "@syncfusion/ej2-lists" "~17.1.38"
    "@syncfusion/ej2-popups" "~17.1.38"

"@syncfusion/ej2-excel-export@~17.1.38":
  version "17.1.38"
  resolved "https://registry.yarnpkg.com/@syncfusion/ej2-excel-export/-/ej2-excel-export-17.1.38.tgz#e6e2c93ea7253a84b1ca374f2b2423b43afc28ea"
  integrity sha512-vyZkzpKlLJfIrk71prhlqYSQHaJM6oTG6ia9BYBPVgJVwH/G1O5GNg1Ge3zrkHYnfuZH7q8qHWueG9EaLLMYvg==
  dependencies:
    "@syncfusion/ej2-base" "~17.1.38"
    "@syncfusion/ej2-compression" "~17.1.38"

"@syncfusion/ej2-file-utils@~17.1.38":
  version "17.1.38"
  resolved "https://registry.yarnpkg.com/@syncfusion/ej2-file-utils/-/ej2-file-utils-17.1.38.tgz#47d2a70175d08f4c6152f96860915cc1243f6b8c"
  integrity sha512-yw7p24GxcAdJvAhVnYUdA3ADr2m11RR7ZboKugxdR4QmSjtKRQanJKMzGQMJkokHAemNDIsf11onP0txO0y2lg==

"@syncfusion/ej2-filemanager@~17.1.38":
  version "17.1.38"
  resolved "https://registry.yarnpkg.com/@syncfusion/ej2-filemanager/-/ej2-filemanager-17.1.38.tgz#c06b4b3b404c7873e0792e4ab95660ea9c75b199"
  integrity sha512-llQLSRPl5oiPBi43EKvDFf4UUZAThSlfQgyFPFHSVdLxc+tY1IyeEPoQC+axkuk7c6aT1gXt38Gg5rREqlaLFw==
  dependencies:
    "@syncfusion/ej2-grids" "~17.1.38"
    "@syncfusion/ej2-layouts" "~17.1.38"

"@syncfusion/ej2-gantt@~17.1.38":
  version "17.1.38"
  resolved "https://registry.yarnpkg.com/@syncfusion/ej2-gantt/-/ej2-gantt-17.1.38.tgz#67214972d2eb31ee9b2b53cd03f4e185c7c7b34f"
  integrity sha512-lXSQAMS5dycNEwaizbZ7MPbwvZTN+KJarTKYJkk+wc7O30kb1OHd53KWaQmG+tXXe2YwLR7ROKpw1g8A4+/JFA==
  dependencies:
    "@syncfusion/ej2-base" "~17.1.38"
    "@syncfusion/ej2-buttons" "~17.1.38"
    "@syncfusion/ej2-calendars" "~17.1.38"
    "@syncfusion/ej2-data" "~17.1.38"
    "@syncfusion/ej2-dropdowns" "~17.1.38"
    "@syncfusion/ej2-grids" "~17.1.38"
    "@syncfusion/ej2-inputs" "~17.1.38"
    "@syncfusion/ej2-layouts" "~17.1.38"
    "@syncfusion/ej2-lists" "~17.1.38"
    "@syncfusion/ej2-navigations" "~17.1.38"
    "@syncfusion/ej2-popups" "~17.1.38"
    "@syncfusion/ej2-richtexteditor" "~17.1.38"
    "@syncfusion/ej2-treegrid" "~17.1.38"

"@syncfusion/ej2-grids@^17.1.38", "@syncfusion/ej2-grids@~17.1.38":
  version "17.1.38"
  resolved "https://registry.yarnpkg.com/@syncfusion/ej2-grids/-/ej2-grids-17.1.38.tgz#96a0f11529bcf261c0ff40129c3d0ffc198335ff"
  integrity sha512-2fnI1JT+W0yAluMKVN90Dz/0weafuJPaYhmi1SvL6tTNt+gOLDCdKjITNVn6Pl9d4uGWaL8PcTIBFwNljWivYw==
  dependencies:
    "@syncfusion/ej2-base" "~17.1.38"
    "@syncfusion/ej2-buttons" "~17.1.38"
    "@syncfusion/ej2-calendars" "~17.1.38"
    "@syncfusion/ej2-compression" "~17.1.38"
    "@syncfusion/ej2-data" "~17.1.38"
    "@syncfusion/ej2-dropdowns" "~17.1.38"
    "@syncfusion/ej2-excel-export" "~17.1.38"
    "@syncfusion/ej2-file-utils" "~17.1.38"
    "@syncfusion/ej2-inputs" "~17.1.38"
    "@syncfusion/ej2-lists" "~17.1.38"
    "@syncfusion/ej2-navigations" "~17.1.38"
    "@syncfusion/ej2-pdf-export" "~17.1.38"
    "@syncfusion/ej2-popups" "~17.1.38"
    "@syncfusion/ej2-splitbuttons" "~17.1.38"

"@syncfusion/ej2-heatmap@~17.1.38":
  version "17.1.38"
  resolved "https://registry.yarnpkg.com/@syncfusion/ej2-heatmap/-/ej2-heatmap-17.1.38.tgz#174324c1ebe610d664e67b1c4c77e96af27ff4a9"
  integrity sha512-LBSs8UPxWocSbjjl5maUFeReE/qEK32uGkQFzPJpJ8ODKmrum7RI9/J1koiOciWtSLkZWy4U8zmr7GSg+NJB2Q==
  dependencies:
    "@syncfusion/ej2-base" "~17.1.38"
    "@syncfusion/ej2-data" "~17.1.38"
    "@syncfusion/ej2-svg-base" "~17.1.38"

"@syncfusion/ej2-icons@~17.1.38":
  version "17.1.38"
  resolved "https://registry.yarnpkg.com/@syncfusion/ej2-icons/-/ej2-icons-17.1.38.tgz#35408ce83ea324e135333421b14ee4995580255c"
  integrity sha512-mMV5wo0KABwaTvyQf1bMijZjydZziKl7ZotHqa8g0JBczRN4LwW36XUV7EecV9qCcWt6jlByg+6L025h8zJIoA==

"@syncfusion/ej2-inplace-editor@~17.1.38":
  version "17.1.38"
  resolved "https://registry.yarnpkg.com/@syncfusion/ej2-inplace-editor/-/ej2-inplace-editor-17.1.38.tgz#5e00e8ba5abbcf94ab742008e62e58e80480deb1"
  integrity sha512-edRxDpFG/ZzndacELScRnaDjWmmvHg2GWKv63+cYjyCMX5sx/tncKRbLFbjAHuRjI4zg8r8vwSM2Wy+DGy2KsQ==
  dependencies:
    "@syncfusion/ej2-base" "~17.1.38"
    "@syncfusion/ej2-buttons" "~17.1.38"
    "@syncfusion/ej2-calendars" "~17.1.38"
    "@syncfusion/ej2-data" "~17.1.38"
    "@syncfusion/ej2-dropdowns" "~17.1.38"
    "@syncfusion/ej2-inputs" "~17.1.38"
    "@syncfusion/ej2-lists" "~17.1.38"
    "@syncfusion/ej2-navigations" "~17.1.38"
    "@syncfusion/ej2-popups" "~17.1.38"
    "@syncfusion/ej2-richtexteditor" "~17.1.38"
    "@syncfusion/ej2-splitbuttons" "~17.1.38"

"@syncfusion/ej2-inputs@~17.1.38":
  version "17.1.38"
  resolved "https://registry.yarnpkg.com/@syncfusion/ej2-inputs/-/ej2-inputs-17.1.38.tgz#99980e18d193fe92ff7418a516b5f3041224092e"
  integrity sha512-X9oTuOy1S0VHCC/KSxKVKt5ck5JHCsVTOToiDUSpQleCsouP53KHHvP/vZZ+/Ecp3Vglyp/Sl6XDbw/jIAZOlw==
  dependencies:
    "@syncfusion/ej2-base" "~17.1.38"
    "@syncfusion/ej2-buttons" "~17.1.38"
    "@syncfusion/ej2-popups" "~17.1.38"
    "@syncfusion/ej2-splitbuttons" "~17.1.38"

"@syncfusion/ej2-layouts@~17.1.38":
  version "17.1.38"
  resolved "https://registry.yarnpkg.com/@syncfusion/ej2-layouts/-/ej2-layouts-17.1.38.tgz#df65aab10d0271c216cdd47b16b0d7de3cceadb6"
  integrity sha512-ReHNISf+zA6VH9OaM2gYpNh5Ai5mKsZEo/44yBamgOy+hff45AMAS38Azhvt05i+0bSQbveUm+RyXGsESh+XsA==
  dependencies:
    "@syncfusion/ej2-base" "~17.1.38"

"@syncfusion/ej2-lineargauge@~17.1.38":
  version "17.1.38"
  resolved "https://registry.yarnpkg.com/@syncfusion/ej2-lineargauge/-/ej2-lineargauge-17.1.38.tgz#c3b39845bda11eb06916813406ddcb6305c1c7dd"
  integrity sha512-KUG8sBi9SKBOB6S+jii5Cb75+m52PIDH71tT6twZrSyfmsjze8ON3xsJL2Nfc8kJErF5oCqxXfXaHSVliwPdLA==
  dependencies:
    "@syncfusion/ej2-base" "~17.1.38"
    "@syncfusion/ej2-popups" "~17.1.38"
    "@syncfusion/ej2-svg-base" "~17.1.38"

"@syncfusion/ej2-lists@~17.1.38":
  version "17.1.38"
  resolved "https://registry.yarnpkg.com/@syncfusion/ej2-lists/-/ej2-lists-17.1.38.tgz#9622974709ad3685e7dd01267d06d96862c28053"
  integrity sha512-2BC1MQx+2PfmQVMiqZ2kui5jUyDolktSkPuMwFm9UCX+2kOs6s4cMEZSoEQHYpzr2npd56YBusthtgkGQYIntA==
  dependencies:
    "@syncfusion/ej2-base" "~17.1.38"
    "@syncfusion/ej2-buttons" "~17.1.38"
    "@syncfusion/ej2-data" "~17.1.38"

"@syncfusion/ej2-maps@~17.1.38":
  version "17.1.38"
  resolved "https://registry.yarnpkg.com/@syncfusion/ej2-maps/-/ej2-maps-17.1.38.tgz#b006980a7de58dbac9a7014dbf4be6de399a956d"
  integrity sha512-iSp9x7OydaI+4nblf7qNpp6jsuxWoYMfVlXjVpIPkRL10SARq7AXBTEE010daRipXdm50J8rvn/IDDdcZrDLqw==
  dependencies:
    "@syncfusion/ej2-base" "~17.1.38"
    "@syncfusion/ej2-compression" "~17.1.38"
    "@syncfusion/ej2-data" "~17.1.38"
    "@syncfusion/ej2-file-utils" "~17.1.38"
    "@syncfusion/ej2-pdf-export" "~17.1.38"
    "@syncfusion/ej2-popups" "~17.1.38"
    "@syncfusion/ej2-svg-base" "~17.1.38"

"@syncfusion/ej2-navigations@~17.1.38":
  version "17.1.38"
  resolved "https://registry.yarnpkg.com/@syncfusion/ej2-navigations/-/ej2-navigations-17.1.38.tgz#b079502614e9a815007e76cdd8202102dfb60833"
  integrity sha512-l4C8SPDl+KTIDgJUgKOHMH737jizIff+2LnO/geYOnDW8sxbAoosO8xor8UYKlDBFfs4TlvhwAe2705MX0gxzg==
  dependencies:
    "@syncfusion/ej2-base" "~17.1.38"
    "@syncfusion/ej2-buttons" "~17.1.38"
    "@syncfusion/ej2-data" "~17.1.38"
    "@syncfusion/ej2-inputs" "~17.1.38"
    "@syncfusion/ej2-lists" "~17.1.38"
    "@syncfusion/ej2-popups" "~17.1.38"

"@syncfusion/ej2-notifications@~17.1.38":
  version "17.1.38"
  resolved "https://registry.yarnpkg.com/@syncfusion/ej2-notifications/-/ej2-notifications-17.1.38.tgz#f855e2d70af8f56f2230b23da683f86e0a05c39a"
  integrity sha512-MR/MQyPd8N5WgO9Kss6auXjQzO/pLcUkRP/g4TzxSuxqmYDUTJpSp66eup6PfRNf78hBRmr6WLhKmpDrHDLWEw==
  dependencies:
    "@syncfusion/ej2-base" "~17.1.38"
    "@syncfusion/ej2-buttons" "~17.1.38"
    "@syncfusion/ej2-popups" "~17.1.38"

"@syncfusion/ej2-pdf-export@~17.1.38":
  version "17.1.38"
  resolved "https://registry.yarnpkg.com/@syncfusion/ej2-pdf-export/-/ej2-pdf-export-17.1.38.tgz#7bd938b830333c0a743c5cf88784827dc3833afd"
  integrity sha512-oHn2L0HJKmwdYtCCX9ThDSC8b6DDOFT9aIAN4G/s2DwdXpwT5g/vKzyQsmRgIGPdErHIxcJWcl6RosC8FchG9A==
  dependencies:
    "@syncfusion/ej2-compression" "~17.1.38"

"@syncfusion/ej2-pdfviewer@~17.1.38":
  version "17.1.38"
  resolved "https://registry.yarnpkg.com/@syncfusion/ej2-pdfviewer/-/ej2-pdfviewer-17.1.38.tgz#01f0b05d86279a48847e6eedf442cc50d6b61ad0"
  integrity sha512-xvD6NpnSvVkiq6eSZCMRYwSdeW0A3AXozL81dvfWKEh46j4DIw0xcpBCtPShSFoi7yiBYf7g/PF1CwTGcIZe9w==
  dependencies:
    "@syncfusion/ej2-base" "~17.1.38"
    "@syncfusion/ej2-buttons" "~17.1.38"
    "@syncfusion/ej2-data" "~17.1.38"
    "@syncfusion/ej2-dropdowns" "~17.1.38"
    "@syncfusion/ej2-inputs" "~17.1.38"
    "@syncfusion/ej2-lists" "~17.1.38"
    "@syncfusion/ej2-navigations" "~17.1.38"
    "@syncfusion/ej2-notifications" "~17.1.38"
    "@syncfusion/ej2-popups" "~17.1.38"

"@syncfusion/ej2-pivotview@~17.1.38":
  version "17.1.38"
  resolved "https://registry.yarnpkg.com/@syncfusion/ej2-pivotview/-/ej2-pivotview-17.1.38.tgz#7c1dbfd224b61c784d5ca2504b47d178ed75fb19"
  integrity sha512-bp4Tn2OfISyx6Hw3Ys7i/C5Be2cIWUubyni67nY58Iriw4fVaLLah360s8d41yqbAG9z2LEy5Xsp2U044Zq8vw==
  dependencies:
    "@syncfusion/ej2-base" "~17.1.38"
    "@syncfusion/ej2-buttons" "~17.1.38"
    "@syncfusion/ej2-calendars" "~17.1.38"
    "@syncfusion/ej2-charts" "~17.1.38"
    "@syncfusion/ej2-compression" "~17.1.38"
    "@syncfusion/ej2-data" "~17.1.38"
    "@syncfusion/ej2-dropdowns" "~17.1.38"
    "@syncfusion/ej2-excel-export" "~17.1.38"
    "@syncfusion/ej2-file-utils" "~17.1.38"
    "@syncfusion/ej2-grids" "~17.1.38"
    "@syncfusion/ej2-inputs" "~17.1.38"
    "@syncfusion/ej2-lists" "~17.1.38"
    "@syncfusion/ej2-navigations" "~17.1.38"
    "@syncfusion/ej2-pdf-export" "~17.1.38"
    "@syncfusion/ej2-popups" "~17.1.38"
    "@syncfusion/ej2-svg-base" "~17.1.38"

"@syncfusion/ej2-popups@~17.1.38":
  version "17.1.38"
  resolved "https://registry.yarnpkg.com/@syncfusion/ej2-popups/-/ej2-popups-17.1.38.tgz#914ea57ab9d53831e36b31e15fe290be1c96ac8f"
  integrity sha512-7CSpdVra9fMSGrxww/4ZuVqA4Was3f+SFotJ/FwnP5prliEG6T1MgR6lzqBTXRb79UZmLVcXdMbGuq447a5Vgg==
  dependencies:
    "@syncfusion/ej2-base" "~17.1.38"
    "@syncfusion/ej2-buttons" "~17.1.38"

"@syncfusion/ej2-querybuilder@^17.1.38", "@syncfusion/ej2-querybuilder@~17.1.38":
  version "17.1.38"
  resolved "https://registry.yarnpkg.com/@syncfusion/ej2-querybuilder/-/ej2-querybuilder-17.1.38.tgz#fe38ce50a0c81f1cf36b07dd390c5ada40677590"
  integrity sha512-0tCRCl1huoW/KelUHm7Ogx9EeB8rJkVaSpbtAHZwDIu7xWFqmVne3dogA958P2O6c97ZS/3AUniGZUsOSYjH9g==
  dependencies:
    "@syncfusion/ej2-base" "~17.1.38"
    "@syncfusion/ej2-buttons" "~17.1.38"
    "@syncfusion/ej2-calendars" "~17.1.38"
    "@syncfusion/ej2-dropdowns" "~17.1.38"
    "@syncfusion/ej2-inputs" "~17.1.38"
    "@syncfusion/ej2-splitbuttons" "~17.1.38"

"@syncfusion/ej2-richtexteditor@~17.1.38":
  version "17.1.38"
  resolved "https://registry.yarnpkg.com/@syncfusion/ej2-richtexteditor/-/ej2-richtexteditor-17.1.38.tgz#ed0694d916f0100e4b167eee08273d765166e8e6"
  integrity sha512-xKjCoPk46oI6e7Fmt+B9KeTXSDDKj0FPeXlQy9Y7VNaYQTP881V7lvu9uN9im+Aw5Y/uDhTX/cwpC24uglDnuw==
  dependencies:
    "@syncfusion/ej2-base" "~17.1.38"
    "@syncfusion/ej2-navigations" "~17.1.38"
    "@syncfusion/ej2-popups" "~17.1.38"
    "@syncfusion/ej2-splitbuttons" "~17.1.38"

"@syncfusion/ej2-schedule@~17.1.38":
  version "17.1.38"
  resolved "https://registry.yarnpkg.com/@syncfusion/ej2-schedule/-/ej2-schedule-17.1.38.tgz#b47758107610603c7d42f1d49b3b84c9461f8e69"
  integrity sha512-/X1UGlRPWZNLBVjuurZA7hfwSxXrqGpBVsVybozDHDcBsU/KklOXeqhkmO5nCshNci4qMK7DYzpUgVIjxcVC2A==
  dependencies:
    "@syncfusion/ej2-base" "~17.1.38"
    "@syncfusion/ej2-buttons" "~17.1.38"
    "@syncfusion/ej2-calendars" "~17.1.38"
    "@syncfusion/ej2-data" "~17.1.38"
    "@syncfusion/ej2-dropdowns" "~17.1.38"
    "@syncfusion/ej2-excel-export" "~17.1.38"
    "@syncfusion/ej2-inputs" "~17.1.38"
    "@syncfusion/ej2-lists" "~17.1.38"
    "@syncfusion/ej2-navigations" "~17.1.38"
    "@syncfusion/ej2-popups" "~17.1.38"

"@syncfusion/ej2-splitbuttons@~17.1.38":
  version "17.1.38"
  resolved "https://registry.yarnpkg.com/@syncfusion/ej2-splitbuttons/-/ej2-splitbuttons-17.1.38.tgz#e46c226b1c38fc210853c10070e29abc1e54c61b"
  integrity sha512-+C15oWGACLVhQjGRfxgeJDV/AcE9GVzGZ0TsSI901gE1NZosxwOXQgrrhtx4u/wKMbvp4EFa8du9zDWd85dFzQ==
  dependencies:
    "@syncfusion/ej2-base" "~17.1.38"
    "@syncfusion/ej2-popups" "~17.1.38"

"@syncfusion/ej2-svg-base@~17.1.38":
  version "17.1.38"
  resolved "https://registry.yarnpkg.com/@syncfusion/ej2-svg-base/-/ej2-svg-base-17.1.38.tgz#780bc6cfa82ece9a79db7664717b357542358054"
  integrity sha512-be7HwcTkMC86yiyfcM9CFtwSmNr0fz+dyHSpvjdfJUp5JLlEv8qTnkW/3vX+gDxpiMsZeebo2w6DuMEm0n+ZVQ==
  dependencies:
    "@syncfusion/ej2-base" "~17.1.38"

"@syncfusion/ej2-treegrid@~17.1.38":
  version "17.1.38"
  resolved "https://registry.yarnpkg.com/@syncfusion/ej2-treegrid/-/ej2-treegrid-17.1.38.tgz#1d88a6d8984d2b767b2d92cc7e1eb7f360912f7e"
  integrity sha512-mBIeduHOIjo7wYLgUv0qvOzfm14erqviJp/2yrAnXqUNuL5/i96ycR7tO9PcMoMWmoLnAWvUy0XmxmTjB1aujA==
  dependencies:
    "@syncfusion/ej2-base" "~17.1.38"
    "@syncfusion/ej2-data" "~17.1.38"
    "@syncfusion/ej2-grids" "~17.1.38"
    "@syncfusion/ej2-popups" "~17.1.38"

"@syncfusion/ej2-treemap@~17.1.38":
  version "17.1.38"
  resolved "https://registry.yarnpkg.com/@syncfusion/ej2-treemap/-/ej2-treemap-17.1.38.tgz#58ec96ebe1ac90507635139e221d3b9ecaa4dfff"
  integrity sha512-1PseEwSkAWk8vkueueLaxxnLsow3iM5F+r7hnhEQdXWzKuQJVJgQuDylqHdtwj3FOusz7T/nQUnJ0+oJ+dgRAw==
  dependencies:
    "@syncfusion/ej2-base" "~17.1.38"
    "@syncfusion/ej2-compression" "~17.1.38"
    "@syncfusion/ej2-data" "~17.1.38"
    "@syncfusion/ej2-file-utils" "~17.1.38"
    "@syncfusion/ej2-pdf-export" "~17.1.38"
    "@syncfusion/ej2-svg-base" "~17.1.38"

"@syncfusion/ej2@^17.1.38":
  version "17.1.38"
  resolved "https://registry.yarnpkg.com/@syncfusion/ej2/-/ej2-17.1.38.tgz#36b9bba4c51e1a0cf127e6c05abb80d9b3c7deb1"
  integrity sha512-WggAQ1ZqxqtA9ai8Ulavys5eMOKycvkCDQs4emsXB32Ag9fL59T70yqRynGfglaHlpC7cRjE+8jo4FOuE4WcxA==
  dependencies:
    "@syncfusion/ej2-base" "~17.1.38"
    "@syncfusion/ej2-buttons" "~17.1.38"
    "@syncfusion/ej2-calendars" "~17.1.38"
    "@syncfusion/ej2-charts" "~17.1.38"
    "@syncfusion/ej2-circulargauge" "~17.1.38"
    "@syncfusion/ej2-compression" "~17.1.38"
    "@syncfusion/ej2-data" "~17.1.38"
    "@syncfusion/ej2-diagrams" "~17.1.38"
    "@syncfusion/ej2-documenteditor" "~17.1.38"
    "@syncfusion/ej2-dropdowns" "~17.1.38"
    "@syncfusion/ej2-excel-export" "~17.1.38"
    "@syncfusion/ej2-file-utils" "~17.1.38"
    "@syncfusion/ej2-filemanager" "~17.1.38"
    "@syncfusion/ej2-gantt" "~17.1.38"
    "@syncfusion/ej2-grids" "~17.1.38"
    "@syncfusion/ej2-heatmap" "~17.1.38"
    "@syncfusion/ej2-icons" "~17.1.38"
    "@syncfusion/ej2-inplace-editor" "~17.1.38"
    "@syncfusion/ej2-inputs" "~17.1.38"
    "@syncfusion/ej2-layouts" "~17.1.38"
    "@syncfusion/ej2-lineargauge" "~17.1.38"
    "@syncfusion/ej2-lists" "~17.1.38"
    "@syncfusion/ej2-maps" "~17.1.38"
    "@syncfusion/ej2-navigations" "~17.1.38"
    "@syncfusion/ej2-notifications" "~17.1.38"
    "@syncfusion/ej2-pdf-export" "~17.1.38"
    "@syncfusion/ej2-pdfviewer" "~17.1.38"
    "@syncfusion/ej2-pivotview" "~17.1.38"
    "@syncfusion/ej2-popups" "~17.1.38"
    "@syncfusion/ej2-querybuilder" "~17.1.38"
    "@syncfusion/ej2-richtexteditor" "~17.1.38"
    "@syncfusion/ej2-schedule" "~17.1.38"
    "@syncfusion/ej2-splitbuttons" "~17.1.38"
    "@syncfusion/ej2-svg-base" "~17.1.38"
    "@syncfusion/ej2-treegrid" "~17.1.38"
    "@syncfusion/ej2-treemap" "~17.1.38"
    tslib "^1.8.0"

"@types/jquery@^3.3.29":
  version "3.3.29"
  resolved "https://registry.yarnpkg.com/@types/jquery/-/jquery-3.3.29.tgz#680a2219ce3c9250483722fccf5570d1e2d08abd"
  integrity sha512-FhJvBninYD36v3k6c+bVk1DSZwh7B5Dpb/Pyk3HKVsiohn0nhbefZZ+3JXbWQhFyt0MxSl2jRDdGQPHeOHFXrQ==
  dependencies:
    "@types/sizzle" "*"

"@types/sizzle@*":
  version "2.3.2"
  resolved "https://registry.yarnpkg.com/@types/sizzle/-/sizzle-2.3.2.tgz#a811b8c18e2babab7d542b3365887ae2e4d9de47"
  integrity sha512-7EJYyKTL7tFR8+gDbB6Wwz/arpGa0Mywk1TJbNzKzHtzbwVmY4HR9WqS5VV7dsBUKQmPNr192jHr/VpBluj/hg==

tslib@^1.8.0:
  version "1.9.3"
  resolved "https://registry.yarnpkg.com/tslib/-/tslib-1.9.3.tgz#d7e4dd79245d85428c4d7e4822a79917954ca286"
  integrity sha512-4krF8scpejhaOgqzBEcGM7yDIEfi0/8+8zDRZhNZZ2kjmHJ4hv3zCbQWxoJGz1iw5U0Jl0nma13xzHXcncMavQ==
